// !$*UTF8*$!
{
	archiveVersion = 1;
	classes = {
	};
	objectVersion = 55;
	objects = {

/* Begin PBXBuildFile section */
		2B52A30628083CB300CFB1D0 /* Search.storyboard in Resources */ = {isa = PBXBuildFile; fileRef = 2B52A30528083CB300CFB1D0 /* Search.storyboard */; };
		2B52A30828083CC500CFB1D0 /* SearchVC.swift in Sources */ = {isa = PBXBuildFile; fileRef = 2B52A30728083CC500CFB1D0 /* SearchVC.swift */; };
		2B52A30A28083CD200CFB1D0 /* SearchModel.swift in Sources */ = {isa = PBXBuildFile; fileRef = 2B52A30928083CD200CFB1D0 /* SearchModel.swift */; };
		2B52A31028083D6500CFB1D0 /* SearchViewModel.swift in Sources */ = {isa = PBXBuildFile; fileRef = 2B52A30F28083D6500CFB1D0 /* SearchViewModel.swift */; };
		2B52A31228083D7F00CFB1D0 /* SearchUseCase.swift in Sources */ = {isa = PBXBuildFile; fileRef = 2B52A31128083D7F00CFB1D0 /* SearchUseCase.swift */; };
		2B52A31428083D8F00CFB1D0 /* SearchEntity.swift in Sources */ = {isa = PBXBuildFile; fileRef = 2B52A31328083D8F00CFB1D0 /* SearchEntity.swift */; };
		2B52A31628083DAB00CFB1D0 /* SearchRepository.swift in Sources */ = {isa = PBXBuildFile; fileRef = 2B52A31528083DAB00CFB1D0 /* SearchRepository.swift */; };
		48DD3798A7387D615B01CCF9 /* Pods_ReadMe_iOS.framework in Frameworks */ = {isa = PBXBuildFile; fileRef = FCDEAB949A3007921A9DA799 /* Pods_ReadMe_iOS.framework */; };
		FD01F06F2807F8E7002F80D2 /* Pretendard-Bold.otf in Resources */ = {isa = PBXBuildFile; fileRef = FD01F06E2807F8E7002F80D2 /* Pretendard-Bold.otf */; };
		FD01F0712808062E002F80D2 /* shakeAction.swift in Sources */ = {isa = PBXBuildFile; fileRef = FD01F0702808062E002F80D2 /* shakeAction.swift */; };
		FD01F07428082237002F80D2 /* Main.storyboard in Resources */ = {isa = PBXBuildFile; fileRef = FD01F07328082237002F80D2 /* Main.storyboard */; };
		FD01F07528082245002F80D2 /* Signup.storyboard in Resources */ = {isa = PBXBuildFile; fileRef = FD99D5A528073CD400BB7FDA /* Signup.storyboard */; };
		FD06195C2805457600F647D7 /* Pretendard-ExtraBold.otf in Resources */ = {isa = PBXBuildFile; fileRef = FD0619532805457600F647D7 /* Pretendard-ExtraBold.otf */; };
		FD06195D2805457600F647D7 /* Pretendard-Black.otf in Resources */ = {isa = PBXBuildFile; fileRef = FD0619542805457600F647D7 /* Pretendard-Black.otf */; };
		FD06195F2805457600F647D7 /* Pretendard-Thin.otf in Resources */ = {isa = PBXBuildFile; fileRef = FD0619562805457600F647D7 /* Pretendard-Thin.otf */; };
		FD0619602805457600F647D7 /* Pretendard-Light.otf in Resources */ = {isa = PBXBuildFile; fileRef = FD0619572805457600F647D7 /* Pretendard-Light.otf */; };
		FD0619612805457600F647D7 /* Pretendard-ExtraLight.otf in Resources */ = {isa = PBXBuildFile; fileRef = FD0619582805457600F647D7 /* Pretendard-ExtraLight.otf */; };
		FD0619622805457600F647D7 /* Pretendard-Medium.otf in Resources */ = {isa = PBXBuildFile; fileRef = FD0619592805457600F647D7 /* Pretendard-Medium.otf */; };
		FD0619632805457600F647D7 /* Pretendard-Regular.otf in Resources */ = {isa = PBXBuildFile; fileRef = FD06195A2805457600F647D7 /* Pretendard-Regular.otf */; };
		FD0619642805457600F647D7 /* Pretendard-SemiBold.otf in Resources */ = {isa = PBXBuildFile; fileRef = FD06195B2805457600F647D7 /* Pretendard-SemiBold.otf */; };
		FD0619662805484200F647D7 /* ColorAssets.xcassets in Resources */ = {isa = PBXBuildFile; fileRef = FD0619652805484200F647D7 /* ColorAssets.xcassets */; };
		FD06196E2805516500F647D7 /* BaseUseCase.swift in Sources */ = {isa = PBXBuildFile; fileRef = FD0619682805516500F647D7 /* BaseUseCase.swift */; };
		FD0619702805516500F647D7 /* BaseModel.swift in Sources */ = {isa = PBXBuildFile; fileRef = FD06196A2805516500F647D7 /* BaseModel.swift */; };
		FD0619712805516500F647D7 /* BaseVC.swift in Sources */ = {isa = PBXBuildFile; fileRef = FD06196B2805516500F647D7 /* BaseVC.swift */; };
		FD0619722805516500F647D7 /* BaseViewModel.swift in Sources */ = {isa = PBXBuildFile; fileRef = FD06196C2805516500F647D7 /* BaseViewModel.swift */; };
		FD06197B2805523E00F647D7 /* Base.storyboard in Resources */ = {isa = PBXBuildFile; fileRef = FD06197A2805523E00F647D7 /* Base.storyboard */; };
		FD06197D2805525B00F647D7 /* TabbarView.xib in Resources */ = {isa = PBXBuildFile; fileRef = FD06197C2805525B00F647D7 /* TabbarView.xib */; };
		FD06197F2805526800F647D7 /* TabbarIcon.xib in Resources */ = {isa = PBXBuildFile; fileRef = FD06197E2805526800F647D7 /* TabbarIcon.xib */; };
		FD0619852805579F00F647D7 /* XibView + UIView.swift in Sources */ = {isa = PBXBuildFile; fileRef = FD0619842805579F00F647D7 /* XibView + UIView.swift */; };
		FD0619872805586200F647D7 /* TabbarIcon.swift in Sources */ = {isa = PBXBuildFile; fileRef = FD0619862805586200F647D7 /* TabbarIcon.swift */; };
		FD06198928055C2200F647D7 /* makeKernValue.swift in Sources */ = {isa = PBXBuildFile; fileRef = FD06198828055C2200F647D7 /* makeKernValue.swift */; };
		FD06198C28055CC700F647D7 /* TabbarView.swift in Sources */ = {isa = PBXBuildFile; fileRef = FD06198B28055CC700F647D7 /* TabbarView.swift */; };
		FD99D5802806F89600BB7FDA /* Splash.storyboard in Resources */ = {isa = PBXBuildFile; fileRef = FD99D57F2806F89600BB7FDA /* Splash.storyboard */; };
		FD99D5822806FDC900BB7FDA /* SplashVC.swift in Sources */ = {isa = PBXBuildFile; fileRef = FD99D5812806FDC900BB7FDA /* SplashVC.swift */; };
		FD99D584280702F400BB7FDA /* delayWithSeconds.swift in Sources */ = {isa = PBXBuildFile; fileRef = FD99D583280702F400BB7FDA /* delayWithSeconds.swift */; };
		FD99D586280717FB00BB7FDA /* setAttributedText.swift in Sources */ = {isa = PBXBuildFile; fileRef = FD99D585280717FB00BB7FDA /* setAttributedText.swift */; };
		FD99D58828071AC600BB7FDA /* UserDefaultKeyList.swift in Sources */ = {isa = PBXBuildFile; fileRef = FD99D58728071AC600BB7FDA /* UserDefaultKeyList.swift */; };
		FD99D58B28071DDC00BB7FDA /* AuthService.swift in Sources */ = {isa = PBXBuildFile; fileRef = FD99D58A28071DDC00BB7FDA /* AuthService.swift */; };
		FD99D58D2807211A00BB7FDA /* LoginVC + Kakao.swift in Sources */ = {isa = PBXBuildFile; fileRef = FD99D58C2807211A00BB7FDA /* LoginVC + Kakao.swift */; };
		FD99D58F2807225E00BB7FDA /* LoginVC + Apple.swift in Sources */ = {isa = PBXBuildFile; fileRef = FD99D58E2807225E00BB7FDA /* LoginVC + Apple.swift */; };
		FD99D59728073C4900BB7FDA /* SignupUseCase.swift in Sources */ = {isa = PBXBuildFile; fileRef = FD99D59128073C4900BB7FDA /* SignupUseCase.swift */; };
		FD99D59828073C4900BB7FDA /* SignupRepository.swift in Sources */ = {isa = PBXBuildFile; fileRef = FD99D59228073C4900BB7FDA /* SignupRepository.swift */; };
		FD99D59928073C4900BB7FDA /* SignupModel.swift in Sources */ = {isa = PBXBuildFile; fileRef = FD99D59328073C4900BB7FDA /* SignupModel.swift */; };
		FD99D59A28073C4900BB7FDA /* SignupVC.swift in Sources */ = {isa = PBXBuildFile; fileRef = FD99D59428073C4900BB7FDA /* SignupVC.swift */; };
		FD99D59B28073C4900BB7FDA /* SignupViewModel.swift in Sources */ = {isa = PBXBuildFile; fileRef = FD99D59528073C4900BB7FDA /* SignupViewModel.swift */; };
		FD99D59C28073C4900BB7FDA /* SignupEntity.swift in Sources */ = {isa = PBXBuildFile; fileRef = FD99D59628073C4900BB7FDA /* SignupEntity.swift */; };
		FD99D5AA28073DB200BB7FDA /* BottomButton.swift in Sources */ = {isa = PBXBuildFile; fileRef = FD99D5A928073DB200BB7FDA /* BottomButton.swift */; };
		FD99D5AC2807407800BB7FDA /* addPadding + UITextField.swift in Sources */ = {isa = PBXBuildFile; fileRef = FD99D5AB2807407800BB7FDA /* addPadding + UITextField.swift */; };
		FDD9D24927F9CB270024DFB2 /* AppDelegate.swift in Sources */ = {isa = PBXBuildFile; fileRef = FDD9D24827F9CB270024DFB2 /* AppDelegate.swift */; };
		FDD9D24B27F9CB270024DFB2 /* SceneDelegate.swift in Sources */ = {isa = PBXBuildFile; fileRef = FDD9D24A27F9CB270024DFB2 /* SceneDelegate.swift */; };
		FDD9D25227F9CB290024DFB2 /* Assets.xcassets in Resources */ = {isa = PBXBuildFile; fileRef = FDD9D25127F9CB290024DFB2 /* Assets.xcassets */; };
		FDD9D25527F9CB290024DFB2 /* LaunchScreen.storyboard in Resources */ = {isa = PBXBuildFile; fileRef = FDD9D25327F9CB290024DFB2 /* LaunchScreen.storyboard */; };
		FDD9D26C27F9DEC10024DFB2 /* UICollectionViewRegisterable.swift in Sources */ = {isa = PBXBuildFile; fileRef = FDD9D26827F9DEC10024DFB2 /* UICollectionViewRegisterable.swift */; };
		FDD9D26E27F9DEC10024DFB2 /* UITableViewRegisterable.swift in Sources */ = {isa = PBXBuildFile; fileRef = FDD9D26A27F9DEC10024DFB2 /* UITableViewRegisterable.swift */; };
		FDD9D26F27F9DEC10024DFB2 /* ViewModelType.swift in Sources */ = {isa = PBXBuildFile; fileRef = FDD9D26B27F9DEC10024DFB2 /* ViewModelType.swift */; };
		FDD9D27127F9DEF20024DFB2 /* StoryboardLiterals.swift in Sources */ = {isa = PBXBuildFile; fileRef = FDD9D27027F9DEF20024DFB2 /* StoryboardLiterals.swift */; };
		FDD9D27327F9DF0C0024DFB2 /* ColorLiterals.swift in Sources */ = {isa = PBXBuildFile; fileRef = FDD9D27227F9DF0C0024DFB2 /* ColorLiterals.swift */; };
		FDD9D27527F9DF130024DFB2 /* StringLiterals.swift in Sources */ = {isa = PBXBuildFile; fileRef = FDD9D27427F9DF130024DFB2 /* StringLiterals.swift */; };
		FDD9D27727F9DF190024DFB2 /* ImageLiterals.swift in Sources */ = {isa = PBXBuildFile; fileRef = FDD9D27627F9DF190024DFB2 /* ImageLiterals.swift */; };
		FDD9D27927F9DF5E0024DFB2 /* makeVibrate.swift in Sources */ = {isa = PBXBuildFile; fileRef = FDD9D27827F9DF5E0024DFB2 /* makeVibrate.swift */; };
		FDD9D28B27F9DFAF0024DFB2 /* showNetworkAlert.swift in Sources */ = {isa = PBXBuildFile; fileRef = FDD9D27B27F9DFAE0024DFB2 /* showNetworkAlert.swift */; };
		FDD9D28C27F9DFAF0024DFB2 /* pressAction.swift in Sources */ = {isa = PBXBuildFile; fileRef = FDD9D27C27F9DFAE0024DFB2 /* pressAction.swift */; };
		FDD9D28D27F9DFAF0024DFB2 /* calculateTopInset.swift in Sources */ = {isa = PBXBuildFile; fileRef = FDD9D27D27F9DFAE0024DFB2 /* calculateTopInset.swift */; };
		FDD9D28E27F9DFAF0024DFB2 /* manageObserverAction.swift in Sources */ = {isa = PBXBuildFile; fileRef = FDD9D27E27F9DFAE0024DFB2 /* manageObserverAction.swift */; };
		FDD9D28F27F9DFAF0024DFB2 /* downloadImage.swift in Sources */ = {isa = PBXBuildFile; fileRef = FDD9D27F27F9DFAE0024DFB2 /* downloadImage.swift */; };
		FDD9D29027F9DFAF0024DFB2 /* showToastMessage.swift in Sources */ = {isa = PBXBuildFile; fileRef = FDD9D28027F9DFAE0024DFB2 /* showToastMessage.swift */; };
		FDD9D29127F9DFAF0024DFB2 /* addToolBar.swift in Sources */ = {isa = PBXBuildFile; fileRef = FDD9D28127F9DFAE0024DFB2 /* addToolBar.swift */; };
		FDD9D29227F9DFAF0024DFB2 /* calculatePastTime.swift in Sources */ = {isa = PBXBuildFile; fileRef = FDD9D28227F9DFAE0024DFB2 /* calculatePastTime.swift */; };
		FDD9D29327F9DFAF0024DFB2 /* setImage.swift in Sources */ = {isa = PBXBuildFile; fileRef = FDD9D28327F9DFAE0024DFB2 /* setImage.swift */; };
		FDD9D29427F9DFAF0024DFB2 /* applyShadow.swift in Sources */ = {isa = PBXBuildFile; fileRef = FDD9D28427F9DFAE0024DFB2 /* applyShadow.swift */; };
		FDD9D29627F9DFAF0024DFB2 /* getClassName.swift in Sources */ = {isa = PBXBuildFile; fileRef = FDD9D28627F9DFAE0024DFB2 /* getClassName.swift */; };
		FDD9D29727F9DFAF0024DFB2 /* PanDirectionGesture.swift in Sources */ = {isa = PBXBuildFile; fileRef = FDD9D28727F9DFAF0024DFB2 /* PanDirectionGesture.swift */; };
		FDD9D29827F9DFAF0024DFB2 /* setDefaultFonts.swift in Sources */ = {isa = PBXBuildFile; fileRef = FDD9D28827F9DFAF0024DFB2 /* setDefaultFonts.swift */; };
		FDD9D29927F9DFAF0024DFB2 /* makeAlert.swift in Sources */ = {isa = PBXBuildFile; fileRef = FDD9D28927F9DFAF0024DFB2 /* makeAlert.swift */; };
		FDD9D2C627F9E1DB0024DFB2 /* UINavigation + Extension.swift in Sources */ = {isa = PBXBuildFile; fileRef = FDD9D2BF27F9E1DB0024DFB2 /* UINavigation + Extension.swift */; };
		FDD9D2C827F9E1DB0024DFB2 /* drawDashedLine + UIView.swift in Sources */ = {isa = PBXBuildFile; fileRef = FDD9D2C127F9E1DB0024DFB2 /* drawDashedLine + UIView.swift */; };
		FDD9D2C927F9E1DB0024DFB2 /* successCatch + Result.swift in Sources */ = {isa = PBXBuildFile; fileRef = FDD9D2C227F9E1DB0024DFB2 /* successCatch + Result.swift */; };
		FDD9D2CB27F9E1DB0024DFB2 /* setTextLineHeight + UILabel.swift in Sources */ = {isa = PBXBuildFile; fileRef = FDD9D2C427F9E1DB0024DFB2 /* setTextLineHeight + UILabel.swift */; };
		FDD9D2CC27F9E1DB0024DFB2 /* controllerFromStoryboard + UIViewController.swift in Sources */ = {isa = PBXBuildFile; fileRef = FDD9D2C527F9E1DB0024DFB2 /* controllerFromStoryboard + UIViewController.swift */; };
		FDD9D2D027F9E2240024DFB2 /* BaseService.swift in Sources */ = {isa = PBXBuildFile; fileRef = FDD9D2CF27F9E2240024DFB2 /* BaseService.swift */; };
		FDD9D2D227F9E23A0024DFB2 /* Config.swift in Sources */ = {isa = PBXBuildFile; fileRef = FDD9D2D127F9E23A0024DFB2 /* Config.swift */; };
		FDD9D2D427F9E2400024DFB2 /* ResponseObject.swift in Sources */ = {isa = PBXBuildFile; fileRef = FDD9D2D327F9E2400024DFB2 /* ResponseObject.swift */; };
		FDD9D2D627F9E24D0024DFB2 /* BaseAPI.swift in Sources */ = {isa = PBXBuildFile; fileRef = FDD9D2D527F9E24D0024DFB2 /* BaseAPI.swift */; };
		FDD9D2E227F9E32C0024DFB2 /* AnalyticsType.swift in Sources */ = {isa = PBXBuildFile; fileRef = FDD9D2DA27F9E32C0024DFB2 /* AnalyticsType.swift */; };
		FDD9D2E327F9E32C0024DFB2 /* FirebaseServiceProtocol.swift in Sources */ = {isa = PBXBuildFile; fileRef = FDD9D2DB27F9E32C0024DFB2 /* FirebaseServiceProtocol.swift */; };
		FDD9D2E427F9E32C0024DFB2 /* LogEventType.swift in Sources */ = {isa = PBXBuildFile; fileRef = FDD9D2DD27F9E32C0024DFB2 /* LogEventType.swift */; };
		FDD9D2E527F9E32C0024DFB2 /* AppLog.swift in Sources */ = {isa = PBXBuildFile; fileRef = FDD9D2DE27F9E32C0024DFB2 /* AppLog.swift */; };
		FDD9D2E627F9E32C0024DFB2 /* FirebaseAnalyticsProvider.swift in Sources */ = {isa = PBXBuildFile; fileRef = FDD9D2E027F9E32C0024DFB2 /* FirebaseAnalyticsProvider.swift */; };
		FDD9D2E727F9E32C0024DFB2 /* RuntimeProviderType.swift in Sources */ = {isa = PBXBuildFile; fileRef = FDD9D2E127F9E32C0024DFB2 /* RuntimeProviderType.swift */; };
		FDD9D2F727F9E3870024DFB2 /* CoordinatorFinishOutput.swift in Sources */ = {isa = PBXBuildFile; fileRef = FDD9D2EA27F9E3870024DFB2 /* CoordinatorFinishOutput.swift */; };
		FDD9D2F827F9E3870024DFB2 /* Presentable.swift in Sources */ = {isa = PBXBuildFile; fileRef = FDD9D2EB27F9E3870024DFB2 /* Presentable.swift */; };
		FDD9D2F927F9E3870024DFB2 /* BaseControllable.swift in Sources */ = {isa = PBXBuildFile; fileRef = FDD9D2EC27F9E3870024DFB2 /* BaseControllable.swift */; };
		FDD9D2FA27F9E3870024DFB2 /* Coordinator.swift in Sources */ = {isa = PBXBuildFile; fileRef = FDD9D2ED27F9E3870024DFB2 /* Coordinator.swift */; };
		FDD9D2FB27F9E3870024DFB2 /* LaunchInstructor.swift in Sources */ = {isa = PBXBuildFile; fileRef = FDD9D2EF27F9E3870024DFB2 /* LaunchInstructor.swift */; };
		FDD9D2FC27F9E3870024DFB2 /* Router.swift in Sources */ = {isa = PBXBuildFile; fileRef = FDD9D2F127F9E3870024DFB2 /* Router.swift */; };
		FDD9D2FD27F9E3870024DFB2 /* BaseCoordinator.swift in Sources */ = {isa = PBXBuildFile; fileRef = FDD9D2F327F9E3870024DFB2 /* BaseCoordinator.swift */; };
		FDD9D2FE27F9E3870024DFB2 /* ModuleFactory.swift in Sources */ = {isa = PBXBuildFile; fileRef = FDD9D2F527F9E3870024DFB2 /* ModuleFactory.swift */; };
		FDD9D2FF27F9E3870024DFB2 /* CoordinatorFactory.swift in Sources */ = {isa = PBXBuildFile; fileRef = FDD9D2F627F9E3870024DFB2 /* CoordinatorFactory.swift */; };
		FDD9D30227F9E5320024DFB2 /* BaseNotiList.swift in Sources */ = {isa = PBXBuildFile; fileRef = FDD9D30127F9E5320024DFB2 /* BaseNotiList.swift */; };
		FDDB0B54280583EE0055B208 /* HomeUseCase.swift in Sources */ = {isa = PBXBuildFile; fileRef = FDDB0B4E280583EE0055B208 /* HomeUseCase.swift */; };
		FDDB0B55280583EE0055B208 /* HomeRepository.swift in Sources */ = {isa = PBXBuildFile; fileRef = FDDB0B4F280583EE0055B208 /* HomeRepository.swift */; };
		FDDB0B56280583EE0055B208 /* HomeModel.swift in Sources */ = {isa = PBXBuildFile; fileRef = FDDB0B50280583EE0055B208 /* HomeModel.swift */; };
		FDDB0B57280583EE0055B208 /* HomeVC.swift in Sources */ = {isa = PBXBuildFile; fileRef = FDDB0B51280583EE0055B208 /* HomeVC.swift */; };
		FDDB0B58280583EE0055B208 /* HomeViewModel.swift in Sources */ = {isa = PBXBuildFile; fileRef = FDDB0B52280583EE0055B208 /* HomeViewModel.swift */; };
		FDDB0B59280583EE0055B208 /* HomeEntity.swift in Sources */ = {isa = PBXBuildFile; fileRef = FDDB0B53280583EE0055B208 /* HomeEntity.swift */; };
		FDDB0B6F280585740055B208 /* MyPageUseCase.swift in Sources */ = {isa = PBXBuildFile; fileRef = FDDB0B69280585740055B208 /* MyPageUseCase.swift */; };
		FDDB0B70280585740055B208 /* MyPageRepository.swift in Sources */ = {isa = PBXBuildFile; fileRef = FDDB0B6A280585740055B208 /* MyPageRepository.swift */; };
		FDDB0B71280585740055B208 /* MyPageModel.swift in Sources */ = {isa = PBXBuildFile; fileRef = FDDB0B6B280585740055B208 /* MyPageModel.swift */; };
		FDDB0B72280585740055B208 /* MyPageVC.swift in Sources */ = {isa = PBXBuildFile; fileRef = FDDB0B6C280585740055B208 /* MyPageVC.swift */; };
		FDDB0B73280585740055B208 /* MyPageViewModel.swift in Sources */ = {isa = PBXBuildFile; fileRef = FDDB0B6D280585740055B208 /* MyPageViewModel.swift */; };
		FDDB0B74280585740055B208 /* MyPageEntity.swift in Sources */ = {isa = PBXBuildFile; fileRef = FDDB0B6E280585740055B208 /* MyPageEntity.swift */; };
		FDDB0B76280585AF0055B208 /* MyPage.storyboard in Resources */ = {isa = PBXBuildFile; fileRef = FDDB0B75280585AF0055B208 /* MyPage.storyboard */; };
		FDDB0B7A280587000055B208 /* Home.storyboard in Resources */ = {isa = PBXBuildFile; fileRef = FDDB0B79280587000055B208 /* Home.storyboard */; };
		FDE1A2AB2805BF8D000DDBE2 /* LoginUseCase.swift in Sources */ = {isa = PBXBuildFile; fileRef = FDE1A2A52805BF8D000DDBE2 /* LoginUseCase.swift */; };
		FDE1A2AC2805BF8D000DDBE2 /* LoginRepository.swift in Sources */ = {isa = PBXBuildFile; fileRef = FDE1A2A62805BF8D000DDBE2 /* LoginRepository.swift */; };
		FDE1A2AD2805BF8D000DDBE2 /* LoginModel.swift in Sources */ = {isa = PBXBuildFile; fileRef = FDE1A2A72805BF8D000DDBE2 /* LoginModel.swift */; };
		FDE1A2AE2805BF8D000DDBE2 /* LoginVC.swift in Sources */ = {isa = PBXBuildFile; fileRef = FDE1A2A82805BF8D000DDBE2 /* LoginVC.swift */; };
		FDE1A2AF2805BF8D000DDBE2 /* LoginViewModel.swift in Sources */ = {isa = PBXBuildFile; fileRef = FDE1A2A92805BF8D000DDBE2 /* LoginViewModel.swift */; };
		FDE1A2B02805BF8D000DDBE2 /* LoginEntity.swift in Sources */ = {isa = PBXBuildFile; fileRef = FDE1A2AA2805BF8D000DDBE2 /* LoginEntity.swift */; };
		FDE1A2B62805BFC6000DDBE2 /* Login.storyboard in Resources */ = {isa = PBXBuildFile; fileRef = FDE1A2B52805BFC6000DDBE2 /* Login.storyboard */; };
/* End PBXBuildFile section */

/* Begin PBXFileReference section */
		2B52A30528083CB300CFB1D0 /* Search.storyboard */ = {isa = PBXFileReference; lastKnownFileType = file.storyboard; path = Search.storyboard; sourceTree = "<group>"; };
		2B52A30728083CC500CFB1D0 /* SearchVC.swift */ = {isa = PBXFileReference; lastKnownFileType = sourcecode.swift; path = SearchVC.swift; sourceTree = "<group>"; };
		2B52A30928083CD200CFB1D0 /* SearchModel.swift */ = {isa = PBXFileReference; lastKnownFileType = sourcecode.swift; path = SearchModel.swift; sourceTree = "<group>"; };
		2B52A30F28083D6500CFB1D0 /* SearchViewModel.swift */ = {isa = PBXFileReference; lastKnownFileType = sourcecode.swift; path = SearchViewModel.swift; sourceTree = "<group>"; };
		2B52A31128083D7F00CFB1D0 /* SearchUseCase.swift */ = {isa = PBXFileReference; lastKnownFileType = sourcecode.swift; path = SearchUseCase.swift; sourceTree = "<group>"; };
		2B52A31328083D8F00CFB1D0 /* SearchEntity.swift */ = {isa = PBXFileReference; lastKnownFileType = sourcecode.swift; path = SearchEntity.swift; sourceTree = "<group>"; };
		2B52A31528083DAB00CFB1D0 /* SearchRepository.swift */ = {isa = PBXFileReference; lastKnownFileType = sourcecode.swift; path = SearchRepository.swift; sourceTree = "<group>"; };
		AA209110609425843DFDE109 /* Pods-ReadMe-iOS.debug.xcconfig */ = {isa = PBXFileReference; includeInIndex = 1; lastKnownFileType = text.xcconfig; name = "Pods-ReadMe-iOS.debug.xcconfig"; path = "Target Support Files/Pods-ReadMe-iOS/Pods-ReadMe-iOS.debug.xcconfig"; sourceTree = "<group>"; };
		BDC606173607FC03ED959B5E /* Pods-ReadMe-iOS.release.xcconfig */ = {isa = PBXFileReference; includeInIndex = 1; lastKnownFileType = text.xcconfig; name = "Pods-ReadMe-iOS.release.xcconfig"; path = "Target Support Files/Pods-ReadMe-iOS/Pods-ReadMe-iOS.release.xcconfig"; sourceTree = "<group>"; };
		FCDEAB949A3007921A9DA799 /* Pods_ReadMe_iOS.framework */ = {isa = PBXFileReference; explicitFileType = wrapper.framework; includeInIndex = 0; path = Pods_ReadMe_iOS.framework; sourceTree = BUILT_PRODUCTS_DIR; };
		FD01F06E2807F8E7002F80D2 /* Pretendard-Bold.otf */ = {isa = PBXFileReference; lastKnownFileType = file; path = "Pretendard-Bold.otf"; sourceTree = "<group>"; };
		FD01F0702808062E002F80D2 /* shakeAction.swift */ = {isa = PBXFileReference; lastKnownFileType = sourcecode.swift; path = shakeAction.swift; sourceTree = "<group>"; };
		FD01F07328082237002F80D2 /* Main.storyboard */ = {isa = PBXFileReference; lastKnownFileType = file.storyboard; path = Main.storyboard; sourceTree = "<group>"; };
		FD0619532805457600F647D7 /* Pretendard-ExtraBold.otf */ = {isa = PBXFileReference; lastKnownFileType = file; path = "Pretendard-ExtraBold.otf"; sourceTree = "<group>"; };
		FD0619542805457600F647D7 /* Pretendard-Black.otf */ = {isa = PBXFileReference; lastKnownFileType = file; path = "Pretendard-Black.otf"; sourceTree = "<group>"; };
		FD0619562805457600F647D7 /* Pretendard-Thin.otf */ = {isa = PBXFileReference; lastKnownFileType = file; path = "Pretendard-Thin.otf"; sourceTree = "<group>"; };
		FD0619572805457600F647D7 /* Pretendard-Light.otf */ = {isa = PBXFileReference; lastKnownFileType = file; path = "Pretendard-Light.otf"; sourceTree = "<group>"; };
		FD0619582805457600F647D7 /* Pretendard-ExtraLight.otf */ = {isa = PBXFileReference; lastKnownFileType = file; path = "Pretendard-ExtraLight.otf"; sourceTree = "<group>"; };
		FD0619592805457600F647D7 /* Pretendard-Medium.otf */ = {isa = PBXFileReference; lastKnownFileType = file; path = "Pretendard-Medium.otf"; sourceTree = "<group>"; };
		FD06195A2805457600F647D7 /* Pretendard-Regular.otf */ = {isa = PBXFileReference; lastKnownFileType = file; path = "Pretendard-Regular.otf"; sourceTree = "<group>"; };
		FD06195B2805457600F647D7 /* Pretendard-SemiBold.otf */ = {isa = PBXFileReference; lastKnownFileType = file; path = "Pretendard-SemiBold.otf"; sourceTree = "<group>"; };
		FD0619652805484200F647D7 /* ColorAssets.xcassets */ = {isa = PBXFileReference; lastKnownFileType = folder.assetcatalog; path = ColorAssets.xcassets; sourceTree = "<group>"; };
		FD0619682805516500F647D7 /* BaseUseCase.swift */ = {isa = PBXFileReference; lastKnownFileType = sourcecode.swift; path = BaseUseCase.swift; sourceTree = "<group>"; };
		FD06196A2805516500F647D7 /* BaseModel.swift */ = {isa = PBXFileReference; lastKnownFileType = sourcecode.swift; path = BaseModel.swift; sourceTree = "<group>"; };
		FD06196B2805516500F647D7 /* BaseVC.swift */ = {isa = PBXFileReference; lastKnownFileType = sourcecode.swift; path = BaseVC.swift; sourceTree = "<group>"; };
		FD06196C2805516500F647D7 /* BaseViewModel.swift */ = {isa = PBXFileReference; lastKnownFileType = sourcecode.swift; path = BaseViewModel.swift; sourceTree = "<group>"; };
		FD06197A2805523E00F647D7 /* Base.storyboard */ = {isa = PBXFileReference; lastKnownFileType = file.storyboard; path = Base.storyboard; sourceTree = "<group>"; };
		FD06197C2805525B00F647D7 /* TabbarView.xib */ = {isa = PBXFileReference; lastKnownFileType = file.xib; path = TabbarView.xib; sourceTree = "<group>"; };
		FD06197E2805526800F647D7 /* TabbarIcon.xib */ = {isa = PBXFileReference; lastKnownFileType = file.xib; path = TabbarIcon.xib; sourceTree = "<group>"; };
		FD0619842805579F00F647D7 /* XibView + UIView.swift */ = {isa = PBXFileReference; lastKnownFileType = sourcecode.swift; path = "XibView + UIView.swift"; sourceTree = "<group>"; };
		FD0619862805586200F647D7 /* TabbarIcon.swift */ = {isa = PBXFileReference; lastKnownFileType = sourcecode.swift; path = TabbarIcon.swift; sourceTree = "<group>"; };
		FD06198828055C2200F647D7 /* makeKernValue.swift */ = {isa = PBXFileReference; lastKnownFileType = sourcecode.swift; path = makeKernValue.swift; sourceTree = "<group>"; };
		FD06198B28055CC700F647D7 /* TabbarView.swift */ = {isa = PBXFileReference; lastKnownFileType = sourcecode.swift; path = TabbarView.swift; sourceTree = "<group>"; usesTabs = 1; };
		FD99D57F2806F89600BB7FDA /* Splash.storyboard */ = {isa = PBXFileReference; lastKnownFileType = file.storyboard; path = Splash.storyboard; sourceTree = "<group>"; };
		FD99D5812806FDC900BB7FDA /* SplashVC.swift */ = {isa = PBXFileReference; lastKnownFileType = sourcecode.swift; path = SplashVC.swift; sourceTree = "<group>"; };
		FD99D583280702F400BB7FDA /* delayWithSeconds.swift */ = {isa = PBXFileReference; lastKnownFileType = sourcecode.swift; path = delayWithSeconds.swift; sourceTree = "<group>"; };
		FD99D585280717FB00BB7FDA /* setAttributedText.swift */ = {isa = PBXFileReference; lastKnownFileType = sourcecode.swift; path = setAttributedText.swift; sourceTree = "<group>"; };
		FD99D58728071AC600BB7FDA /* UserDefaultKeyList.swift */ = {isa = PBXFileReference; lastKnownFileType = sourcecode.swift; path = UserDefaultKeyList.swift; sourceTree = "<group>"; };
		FD99D58A28071DDC00BB7FDA /* AuthService.swift */ = {isa = PBXFileReference; lastKnownFileType = sourcecode.swift; path = AuthService.swift; sourceTree = "<group>"; };
		FD99D58C2807211A00BB7FDA /* LoginVC + Kakao.swift */ = {isa = PBXFileReference; lastKnownFileType = sourcecode.swift; path = "LoginVC + Kakao.swift"; sourceTree = "<group>"; };
		FD99D58E2807225E00BB7FDA /* LoginVC + Apple.swift */ = {isa = PBXFileReference; lastKnownFileType = sourcecode.swift; path = "LoginVC + Apple.swift"; sourceTree = "<group>"; };
		FD99D59128073C4900BB7FDA /* SignupUseCase.swift */ = {isa = PBXFileReference; lastKnownFileType = sourcecode.swift; path = SignupUseCase.swift; sourceTree = "<group>"; };
		FD99D59228073C4900BB7FDA /* SignupRepository.swift */ = {isa = PBXFileReference; lastKnownFileType = sourcecode.swift; path = SignupRepository.swift; sourceTree = "<group>"; };
		FD99D59328073C4900BB7FDA /* SignupModel.swift */ = {isa = PBXFileReference; lastKnownFileType = sourcecode.swift; path = SignupModel.swift; sourceTree = "<group>"; };
		FD99D59428073C4900BB7FDA /* SignupVC.swift */ = {isa = PBXFileReference; lastKnownFileType = sourcecode.swift; path = SignupVC.swift; sourceTree = "<group>"; };
		FD99D59528073C4900BB7FDA /* SignupViewModel.swift */ = {isa = PBXFileReference; lastKnownFileType = sourcecode.swift; path = SignupViewModel.swift; sourceTree = "<group>"; };
		FD99D59628073C4900BB7FDA /* SignupEntity.swift */ = {isa = PBXFileReference; lastKnownFileType = sourcecode.swift; path = SignupEntity.swift; sourceTree = "<group>"; };
		FD99D5A528073CD400BB7FDA /* Signup.storyboard */ = {isa = PBXFileReference; lastKnownFileType = file.storyboard; path = Signup.storyboard; sourceTree = "<group>"; };
		FD99D5A928073DB200BB7FDA /* BottomButton.swift */ = {isa = PBXFileReference; lastKnownFileType = sourcecode.swift; path = BottomButton.swift; sourceTree = "<group>"; };
		FD99D5AB2807407800BB7FDA /* addPadding + UITextField.swift */ = {isa = PBXFileReference; lastKnownFileType = sourcecode.swift; path = "addPadding + UITextField.swift"; sourceTree = "<group>"; };
		FDD9D24527F9CB270024DFB2 /* ReadMe-iOS.app */ = {isa = PBXFileReference; explicitFileType = wrapper.application; includeInIndex = 0; path = "ReadMe-iOS.app"; sourceTree = BUILT_PRODUCTS_DIR; };
		FDD9D24827F9CB270024DFB2 /* AppDelegate.swift */ = {isa = PBXFileReference; lastKnownFileType = sourcecode.swift; path = AppDelegate.swift; sourceTree = "<group>"; };
		FDD9D24A27F9CB270024DFB2 /* SceneDelegate.swift */ = {isa = PBXFileReference; lastKnownFileType = sourcecode.swift; path = SceneDelegate.swift; sourceTree = "<group>"; };
		FDD9D25127F9CB290024DFB2 /* Assets.xcassets */ = {isa = PBXFileReference; lastKnownFileType = folder.assetcatalog; path = Assets.xcassets; sourceTree = "<group>"; };
		FDD9D25427F9CB290024DFB2 /* Base */ = {isa = PBXFileReference; lastKnownFileType = file.storyboard; name = Base; path = Base.lproj/LaunchScreen.storyboard; sourceTree = "<group>"; };
		FDD9D25627F9CB290024DFB2 /* Info.plist */ = {isa = PBXFileReference; lastKnownFileType = text.plist.xml; path = Info.plist; sourceTree = "<group>"; };
		FDD9D26827F9DEC10024DFB2 /* UICollectionViewRegisterable.swift */ = {isa = PBXFileReference; fileEncoding = 4; lastKnownFileType = sourcecode.swift; path = UICollectionViewRegisterable.swift; sourceTree = "<group>"; };
		FDD9D26A27F9DEC10024DFB2 /* UITableViewRegisterable.swift */ = {isa = PBXFileReference; fileEncoding = 4; lastKnownFileType = sourcecode.swift; path = UITableViewRegisterable.swift; sourceTree = "<group>"; };
		FDD9D26B27F9DEC10024DFB2 /* ViewModelType.swift */ = {isa = PBXFileReference; fileEncoding = 4; lastKnownFileType = sourcecode.swift; path = ViewModelType.swift; sourceTree = "<group>"; };
		FDD9D27027F9DEF20024DFB2 /* StoryboardLiterals.swift */ = {isa = PBXFileReference; lastKnownFileType = sourcecode.swift; path = StoryboardLiterals.swift; sourceTree = "<group>"; };
		FDD9D27227F9DF0C0024DFB2 /* ColorLiterals.swift */ = {isa = PBXFileReference; lastKnownFileType = sourcecode.swift; path = ColorLiterals.swift; sourceTree = "<group>"; };
		FDD9D27427F9DF130024DFB2 /* StringLiterals.swift */ = {isa = PBXFileReference; lastKnownFileType = sourcecode.swift; path = StringLiterals.swift; sourceTree = "<group>"; };
		FDD9D27627F9DF190024DFB2 /* ImageLiterals.swift */ = {isa = PBXFileReference; lastKnownFileType = sourcecode.swift; path = ImageLiterals.swift; sourceTree = "<group>"; };
		FDD9D27827F9DF5E0024DFB2 /* makeVibrate.swift */ = {isa = PBXFileReference; lastKnownFileType = sourcecode.swift; path = makeVibrate.swift; sourceTree = "<group>"; };
		FDD9D27B27F9DFAE0024DFB2 /* showNetworkAlert.swift */ = {isa = PBXFileReference; fileEncoding = 4; lastKnownFileType = sourcecode.swift; path = showNetworkAlert.swift; sourceTree = "<group>"; };
		FDD9D27C27F9DFAE0024DFB2 /* pressAction.swift */ = {isa = PBXFileReference; fileEncoding = 4; lastKnownFileType = sourcecode.swift; path = pressAction.swift; sourceTree = "<group>"; };
		FDD9D27D27F9DFAE0024DFB2 /* calculateTopInset.swift */ = {isa = PBXFileReference; fileEncoding = 4; lastKnownFileType = sourcecode.swift; path = calculateTopInset.swift; sourceTree = "<group>"; };
		FDD9D27E27F9DFAE0024DFB2 /* manageObserverAction.swift */ = {isa = PBXFileReference; fileEncoding = 4; lastKnownFileType = sourcecode.swift; path = manageObserverAction.swift; sourceTree = "<group>"; };
		FDD9D27F27F9DFAE0024DFB2 /* downloadImage.swift */ = {isa = PBXFileReference; fileEncoding = 4; lastKnownFileType = sourcecode.swift; path = downloadImage.swift; sourceTree = "<group>"; };
		FDD9D28027F9DFAE0024DFB2 /* showToastMessage.swift */ = {isa = PBXFileReference; fileEncoding = 4; lastKnownFileType = sourcecode.swift; path = showToastMessage.swift; sourceTree = "<group>"; };
		FDD9D28127F9DFAE0024DFB2 /* addToolBar.swift */ = {isa = PBXFileReference; fileEncoding = 4; lastKnownFileType = sourcecode.swift; path = addToolBar.swift; sourceTree = "<group>"; };
		FDD9D28227F9DFAE0024DFB2 /* calculatePastTime.swift */ = {isa = PBXFileReference; fileEncoding = 4; lastKnownFileType = sourcecode.swift; path = calculatePastTime.swift; sourceTree = "<group>"; };
		FDD9D28327F9DFAE0024DFB2 /* setImage.swift */ = {isa = PBXFileReference; fileEncoding = 4; lastKnownFileType = sourcecode.swift; path = setImage.swift; sourceTree = "<group>"; };
		FDD9D28427F9DFAE0024DFB2 /* applyShadow.swift */ = {isa = PBXFileReference; fileEncoding = 4; lastKnownFileType = sourcecode.swift; path = applyShadow.swift; sourceTree = "<group>"; };
		FDD9D28627F9DFAE0024DFB2 /* getClassName.swift */ = {isa = PBXFileReference; fileEncoding = 4; lastKnownFileType = sourcecode.swift; path = getClassName.swift; sourceTree = "<group>"; };
		FDD9D28727F9DFAF0024DFB2 /* PanDirectionGesture.swift */ = {isa = PBXFileReference; fileEncoding = 4; lastKnownFileType = sourcecode.swift; path = PanDirectionGesture.swift; sourceTree = "<group>"; };
		FDD9D28827F9DFAF0024DFB2 /* setDefaultFonts.swift */ = {isa = PBXFileReference; fileEncoding = 4; lastKnownFileType = sourcecode.swift; path = setDefaultFonts.swift; sourceTree = "<group>"; };
		FDD9D28927F9DFAF0024DFB2 /* makeAlert.swift */ = {isa = PBXFileReference; fileEncoding = 4; lastKnownFileType = sourcecode.swift; path = makeAlert.swift; sourceTree = "<group>"; };
		FDD9D2BF27F9E1DB0024DFB2 /* UINavigation + Extension.swift */ = {isa = PBXFileReference; fileEncoding = 4; lastKnownFileType = sourcecode.swift; path = "UINavigation + Extension.swift"; sourceTree = "<group>"; };
		FDD9D2C127F9E1DB0024DFB2 /* drawDashedLine + UIView.swift */ = {isa = PBXFileReference; fileEncoding = 4; lastKnownFileType = sourcecode.swift; path = "drawDashedLine + UIView.swift"; sourceTree = "<group>"; };
		FDD9D2C227F9E1DB0024DFB2 /* successCatch + Result.swift */ = {isa = PBXFileReference; fileEncoding = 4; lastKnownFileType = sourcecode.swift; path = "successCatch + Result.swift"; sourceTree = "<group>"; };
		FDD9D2C427F9E1DB0024DFB2 /* setTextLineHeight + UILabel.swift */ = {isa = PBXFileReference; fileEncoding = 4; lastKnownFileType = sourcecode.swift; path = "setTextLineHeight + UILabel.swift"; sourceTree = "<group>"; };
		FDD9D2C527F9E1DB0024DFB2 /* controllerFromStoryboard + UIViewController.swift */ = {isa = PBXFileReference; fileEncoding = 4; lastKnownFileType = sourcecode.swift; path = "controllerFromStoryboard + UIViewController.swift"; sourceTree = "<group>"; };
		FDD9D2CF27F9E2240024DFB2 /* BaseService.swift */ = {isa = PBXFileReference; lastKnownFileType = sourcecode.swift; path = BaseService.swift; sourceTree = "<group>"; };
		FDD9D2D127F9E23A0024DFB2 /* Config.swift */ = {isa = PBXFileReference; lastKnownFileType = sourcecode.swift; path = Config.swift; sourceTree = "<group>"; };
		FDD9D2D327F9E2400024DFB2 /* ResponseObject.swift */ = {isa = PBXFileReference; lastKnownFileType = sourcecode.swift; path = ResponseObject.swift; sourceTree = "<group>"; };
		FDD9D2D527F9E24D0024DFB2 /* BaseAPI.swift */ = {isa = PBXFileReference; lastKnownFileType = sourcecode.swift; path = BaseAPI.swift; sourceTree = "<group>"; };
		FDD9D2DA27F9E32C0024DFB2 /* AnalyticsType.swift */ = {isa = PBXFileReference; fileEncoding = 4; lastKnownFileType = sourcecode.swift; path = AnalyticsType.swift; sourceTree = "<group>"; };
		FDD9D2DB27F9E32C0024DFB2 /* FirebaseServiceProtocol.swift */ = {isa = PBXFileReference; fileEncoding = 4; lastKnownFileType = sourcecode.swift; path = FirebaseServiceProtocol.swift; sourceTree = "<group>"; };
		FDD9D2DD27F9E32C0024DFB2 /* LogEventType.swift */ = {isa = PBXFileReference; fileEncoding = 4; lastKnownFileType = sourcecode.swift; path = LogEventType.swift; sourceTree = "<group>"; };
		FDD9D2DE27F9E32C0024DFB2 /* AppLog.swift */ = {isa = PBXFileReference; fileEncoding = 4; lastKnownFileType = sourcecode.swift; path = AppLog.swift; sourceTree = "<group>"; };
		FDD9D2E027F9E32C0024DFB2 /* FirebaseAnalyticsProvider.swift */ = {isa = PBXFileReference; fileEncoding = 4; lastKnownFileType = sourcecode.swift; path = FirebaseAnalyticsProvider.swift; sourceTree = "<group>"; };
		FDD9D2E127F9E32C0024DFB2 /* RuntimeProviderType.swift */ = {isa = PBXFileReference; fileEncoding = 4; lastKnownFileType = sourcecode.swift; path = RuntimeProviderType.swift; sourceTree = "<group>"; };
		FDD9D2EA27F9E3870024DFB2 /* CoordinatorFinishOutput.swift */ = {isa = PBXFileReference; fileEncoding = 4; lastKnownFileType = sourcecode.swift; path = CoordinatorFinishOutput.swift; sourceTree = "<group>"; };
		FDD9D2EB27F9E3870024DFB2 /* Presentable.swift */ = {isa = PBXFileReference; fileEncoding = 4; lastKnownFileType = sourcecode.swift; path = Presentable.swift; sourceTree = "<group>"; };
		FDD9D2EC27F9E3870024DFB2 /* BaseControllable.swift */ = {isa = PBXFileReference; fileEncoding = 4; lastKnownFileType = sourcecode.swift; path = BaseControllable.swift; sourceTree = "<group>"; };
		FDD9D2ED27F9E3870024DFB2 /* Coordinator.swift */ = {isa = PBXFileReference; fileEncoding = 4; lastKnownFileType = sourcecode.swift; path = Coordinator.swift; sourceTree = "<group>"; };
		FDD9D2EF27F9E3870024DFB2 /* LaunchInstructor.swift */ = {isa = PBXFileReference; fileEncoding = 4; lastKnownFileType = sourcecode.swift; path = LaunchInstructor.swift; sourceTree = "<group>"; };
		FDD9D2F127F9E3870024DFB2 /* Router.swift */ = {isa = PBXFileReference; fileEncoding = 4; lastKnownFileType = sourcecode.swift; path = Router.swift; sourceTree = "<group>"; };
		FDD9D2F327F9E3870024DFB2 /* BaseCoordinator.swift */ = {isa = PBXFileReference; fileEncoding = 4; lastKnownFileType = sourcecode.swift; path = BaseCoordinator.swift; sourceTree = "<group>"; };
		FDD9D2F527F9E3870024DFB2 /* ModuleFactory.swift */ = {isa = PBXFileReference; fileEncoding = 4; lastKnownFileType = sourcecode.swift; path = ModuleFactory.swift; sourceTree = "<group>"; };
		FDD9D2F627F9E3870024DFB2 /* CoordinatorFactory.swift */ = {isa = PBXFileReference; fileEncoding = 4; lastKnownFileType = sourcecode.swift; path = CoordinatorFactory.swift; sourceTree = "<group>"; };
		FDD9D30127F9E5320024DFB2 /* BaseNotiList.swift */ = {isa = PBXFileReference; lastKnownFileType = sourcecode.swift; path = BaseNotiList.swift; sourceTree = "<group>"; };
		FDDB0B4E280583EE0055B208 /* HomeUseCase.swift */ = {isa = PBXFileReference; lastKnownFileType = sourcecode.swift; path = HomeUseCase.swift; sourceTree = "<group>"; };
		FDDB0B4F280583EE0055B208 /* HomeRepository.swift */ = {isa = PBXFileReference; lastKnownFileType = sourcecode.swift; path = HomeRepository.swift; sourceTree = "<group>"; };
		FDDB0B50280583EE0055B208 /* HomeModel.swift */ = {isa = PBXFileReference; lastKnownFileType = sourcecode.swift; path = HomeModel.swift; sourceTree = "<group>"; };
		FDDB0B51280583EE0055B208 /* HomeVC.swift */ = {isa = PBXFileReference; lastKnownFileType = sourcecode.swift; path = HomeVC.swift; sourceTree = "<group>"; };
		FDDB0B52280583EE0055B208 /* HomeViewModel.swift */ = {isa = PBXFileReference; lastKnownFileType = sourcecode.swift; path = HomeViewModel.swift; sourceTree = "<group>"; };
		FDDB0B53280583EE0055B208 /* HomeEntity.swift */ = {isa = PBXFileReference; lastKnownFileType = sourcecode.swift; path = HomeEntity.swift; sourceTree = "<group>"; };
		FDDB0B69280585740055B208 /* MyPageUseCase.swift */ = {isa = PBXFileReference; lastKnownFileType = sourcecode.swift; path = MyPageUseCase.swift; sourceTree = "<group>"; };
		FDDB0B6A280585740055B208 /* MyPageRepository.swift */ = {isa = PBXFileReference; lastKnownFileType = sourcecode.swift; path = MyPageRepository.swift; sourceTree = "<group>"; };
		FDDB0B6B280585740055B208 /* MyPageModel.swift */ = {isa = PBXFileReference; lastKnownFileType = sourcecode.swift; path = MyPageModel.swift; sourceTree = "<group>"; };
		FDDB0B6C280585740055B208 /* MyPageVC.swift */ = {isa = PBXFileReference; lastKnownFileType = sourcecode.swift; path = MyPageVC.swift; sourceTree = "<group>"; };
		FDDB0B6D280585740055B208 /* MyPageViewModel.swift */ = {isa = PBXFileReference; lastKnownFileType = sourcecode.swift; path = MyPageViewModel.swift; sourceTree = "<group>"; };
		FDDB0B6E280585740055B208 /* MyPageEntity.swift */ = {isa = PBXFileReference; lastKnownFileType = sourcecode.swift; path = MyPageEntity.swift; sourceTree = "<group>"; };
		FDDB0B75280585AF0055B208 /* MyPage.storyboard */ = {isa = PBXFileReference; lastKnownFileType = file.storyboard; path = MyPage.storyboard; sourceTree = "<group>"; };
		FDDB0B79280587000055B208 /* Home.storyboard */ = {isa = PBXFileReference; lastKnownFileType = file.storyboard; path = Home.storyboard; sourceTree = "<group>"; };
		FDE1A2A52805BF8D000DDBE2 /* LoginUseCase.swift */ = {isa = PBXFileReference; lastKnownFileType = sourcecode.swift; path = LoginUseCase.swift; sourceTree = "<group>"; };
		FDE1A2A62805BF8D000DDBE2 /* LoginRepository.swift */ = {isa = PBXFileReference; lastKnownFileType = sourcecode.swift; path = LoginRepository.swift; sourceTree = "<group>"; };
		FDE1A2A72805BF8D000DDBE2 /* LoginModel.swift */ = {isa = PBXFileReference; lastKnownFileType = sourcecode.swift; path = LoginModel.swift; sourceTree = "<group>"; };
		FDE1A2A82805BF8D000DDBE2 /* LoginVC.swift */ = {isa = PBXFileReference; lastKnownFileType = sourcecode.swift; path = LoginVC.swift; sourceTree = "<group>"; };
		FDE1A2A92805BF8D000DDBE2 /* LoginViewModel.swift */ = {isa = PBXFileReference; lastKnownFileType = sourcecode.swift; path = LoginViewModel.swift; sourceTree = "<group>"; };
		FDE1A2AA2805BF8D000DDBE2 /* LoginEntity.swift */ = {isa = PBXFileReference; lastKnownFileType = sourcecode.swift; path = LoginEntity.swift; sourceTree = "<group>"; };
		FDE1A2B52805BFC6000DDBE2 /* Login.storyboard */ = {isa = PBXFileReference; lastKnownFileType = file.storyboard; path = Login.storyboard; sourceTree = "<group>"; };
		FDE1A2B72805C041000DDBE2 /* ReadMe-iOS.entitlements */ = {isa = PBXFileReference; lastKnownFileType = text.plist.entitlements; path = "ReadMe-iOS.entitlements"; sourceTree = "<group>"; };
/* End PBXFileReference section */

/* Begin PBXFrameworksBuildPhase section */
		FDD9D24227F9CB270024DFB2 /* Frameworks */ = {
			isa = PBXFrameworksBuildPhase;
			buildActionMask = 2147483647;
			files = (
				48DD3798A7387D615B01CCF9 /* Pods_ReadMe_iOS.framework in Frameworks */,
			);
			runOnlyForDeploymentPostprocessing = 0;
		};
/* End PBXFrameworksBuildPhase section */

/* Begin PBXGroup section */
		2B52A30228083C6900CFB1D0 /* ViewModel */ = {
			isa = PBXGroup;
			children = (
				2B52A30928083CD200CFB1D0 /* SearchModel.swift */,
			);
			path = ViewModel;
			sourceTree = "<group>";
		};
		2B52A30328083C7000CFB1D0 /* VC */ = {
			isa = PBXGroup;
			children = (
				2B52A30728083CC500CFB1D0 /* SearchVC.swift */,
			);
			path = VC;
			sourceTree = "<group>";
		};
		2B52A30428083C7500CFB1D0 /* Views */ = {
			isa = PBXGroup;
			children = (
				2B52A30528083CB300CFB1D0 /* Search.storyboard */,
			);
			path = Views;
			sourceTree = "<group>";
		};
		2B52A30B28083D2900CFB1D0 /* Search */ = {
			isa = PBXGroup;
			children = (
				2B52A30F28083D6500CFB1D0 /* SearchViewModel.swift */,
			);
			path = Search;
			sourceTree = "<group>";
		};
		2B52A30C28083D3C00CFB1D0 /* Search */ = {
			isa = PBXGroup;
			children = (
				2B52A31128083D7F00CFB1D0 /* SearchUseCase.swift */,
			);
			path = Search;
			sourceTree = "<group>";
		};
		2B52A30D28083D4400CFB1D0 /* Search */ = {
			isa = PBXGroup;
			children = (
				2B52A31328083D8F00CFB1D0 /* SearchEntity.swift */,
			);
			path = Search;
			sourceTree = "<group>";
		};
		2B52A30E28083D4B00CFB1D0 /* Search */ = {
			isa = PBXGroup;
			children = (
				2B52A31528083DAB00CFB1D0 /* SearchRepository.swift */,
			);
			path = Search;
			sourceTree = "<group>";
		};
		2B578F722806FBFF00513240 /* SearchScene */ = {
			isa = PBXGroup;
			children = (
				2B52A30428083C7500CFB1D0 /* Views */,
				2B52A30328083C7000CFB1D0 /* VC */,
				2B52A30228083C6900CFB1D0 /* ViewModel */,
			);
			path = SearchScene;
			sourceTree = "<group>";
		};
		96BEEFE36BD7FC57BABEEC21 /* Pods */ = {
			isa = PBXGroup;
			children = (
				AA209110609425843DFDE109 /* Pods-ReadMe-iOS.debug.xcconfig */,
				BDC606173607FC03ED959B5E /* Pods-ReadMe-iOS.release.xcconfig */,
			);
			path = Pods;
			sourceTree = "<group>";
		};
		D98242BC2628DC6DA53AE513 /* Frameworks */ = {
			isa = PBXGroup;
			children = (
				FCDEAB949A3007921A9DA799 /* Pods_ReadMe_iOS.framework */,
			);
			name = Frameworks;
			sourceTree = "<group>";
		};
		FD01F07228080AAD002F80D2 /* SIgnup */ = {
			isa = PBXGroup;
			children = (
				FD99D59228073C4900BB7FDA /* SignupRepository.swift */,
			);
			path = SIgnup;
			sourceTree = "<group>";
		};
		FD0619522805453300F647D7 /* Fonts */ = {
			isa = PBXGroup;
			children = (
				FD01F06E2807F8E7002F80D2 /* Pretendard-Bold.otf */,
				FD0619542805457600F647D7 /* Pretendard-Black.otf */,
				FD0619532805457600F647D7 /* Pretendard-ExtraBold.otf */,
				FD0619582805457600F647D7 /* Pretendard-ExtraLight.otf */,
				FD0619572805457600F647D7 /* Pretendard-Light.otf */,
				FD0619592805457600F647D7 /* Pretendard-Medium.otf */,
				FD06195A2805457600F647D7 /* Pretendard-Regular.otf */,
				FD06195B2805457600F647D7 /* Pretendard-SemiBold.otf */,
				FD0619562805457600F647D7 /* Pretendard-Thin.otf */,
			);
			path = Fonts;
			sourceTree = "<group>";
		};
		FD0619672805515700F647D7 /* BaseScene */ = {
			isa = PBXGroup;
			children = (
				FD0619782805519E00F647D7 /* Views */,
				FD0619772805519800F647D7 /* VC */,
				FD0619762805519300F647D7 /* ViewModel */,
			);
			path = BaseScene;
			sourceTree = "<group>";
		};
		FD0619742805517100F647D7 /* Base */ = {
			isa = PBXGroup;
			children = (
				FD06196A2805516500F647D7 /* BaseModel.swift */,
			);
			path = Base;
			sourceTree = "<group>";
		};
		FD0619752805517E00F647D7 /* Base */ = {
			isa = PBXGroup;
			children = (
				FD0619682805516500F647D7 /* BaseUseCase.swift */,
			);
			path = Base;
			sourceTree = "<group>";
		};
		FD0619762805519300F647D7 /* ViewModel */ = {
			isa = PBXGroup;
			children = (
				FD06196C2805516500F647D7 /* BaseViewModel.swift */,
			);
			path = ViewModel;
			sourceTree = "<group>";
		};
		FD0619772805519800F647D7 /* VC */ = {
			isa = PBXGroup;
			children = (
				FD06196B2805516500F647D7 /* BaseVC.swift */,
			);
			path = VC;
			sourceTree = "<group>";
		};
		FD0619782805519E00F647D7 /* Views */ = {
			isa = PBXGroup;
			children = (
				FD06198A28055CB500F647D7 /* Tabbar */,
				FD0619802805573200F647D7 /* TabbarIcon */,
				FD06197A2805523E00F647D7 /* Base.storyboard */,
			);
			path = Views;
			sourceTree = "<group>";
		};
		FD0619802805573200F647D7 /* TabbarIcon */ = {
			isa = PBXGroup;
			children = (
				FD06197E2805526800F647D7 /* TabbarIcon.xib */,
				FD0619862805586200F647D7 /* TabbarIcon.swift */,
			);
			path = TabbarIcon;
			sourceTree = "<group>";
		};
		FD06198A28055CB500F647D7 /* Tabbar */ = {
			isa = PBXGroup;
			children = (
				FD06197C2805525B00F647D7 /* TabbarView.xib */,
				FD06198B28055CC700F647D7 /* TabbarView.swift */,
			);
			path = Tabbar;
			sourceTree = "<group>";
		};
		FD99D57C2806F87800BB7FDA /* SplashScene */ = {
			isa = PBXGroup;
			children = (
				FD99D57E2806F88D00BB7FDA /* Views */,
				FD99D57D2806F88800BB7FDA /* VC */,
			);
			path = SplashScene;
			sourceTree = "<group>";
		};
		FD99D57D2806F88800BB7FDA /* VC */ = {
			isa = PBXGroup;
			children = (
				FD99D5812806FDC900BB7FDA /* SplashVC.swift */,
			);
			path = VC;
			sourceTree = "<group>";
		};
		FD99D57E2806F88D00BB7FDA /* Views */ = {
			isa = PBXGroup;
			children = (
				FD99D57F2806F89600BB7FDA /* Splash.storyboard */,
			);
			path = Views;
			sourceTree = "<group>";
		};
		FD99D59028073C3300BB7FDA /* SignupScene */ = {
			isa = PBXGroup;
			children = (
				FD99D59D28073C4E00BB7FDA /* Views */,
				FD99D59F28073C5A00BB7FDA /* ViewModel */,
				FD99D59E28073C5200BB7FDA /* VC */,
			);
			path = SignupScene;
			sourceTree = "<group>";
		};
		FD99D59D28073C4E00BB7FDA /* Views */ = {
			isa = PBXGroup;
			children = (
				FD99D5A528073CD400BB7FDA /* Signup.storyboard */,
				FD01F07328082237002F80D2 /* Main.storyboard */,
			);
			path = Views;
			sourceTree = "<group>";
		};
		FD99D59E28073C5200BB7FDA /* VC */ = {
			isa = PBXGroup;
			children = (
				FD99D59428073C4900BB7FDA /* SignupVC.swift */,
			);
			path = VC;
			sourceTree = "<group>";
		};
		FD99D59F28073C5A00BB7FDA /* ViewModel */ = {
			isa = PBXGroup;
			children = (
				FD99D59528073C4900BB7FDA /* SignupViewModel.swift */,
			);
			path = ViewModel;
			sourceTree = "<group>";
		};
		FD99D5A128073C9A00BB7FDA /* Signup */ = {
			isa = PBXGroup;
			children = (
				FD99D59328073C4900BB7FDA /* SignupModel.swift */,
			);
			path = Signup;
			sourceTree = "<group>";
		};
		FD99D5A228073CA000BB7FDA /* Signup */ = {
			isa = PBXGroup;
			children = (
				FD99D59128073C4900BB7FDA /* SignupUseCase.swift */,
			);
			path = Signup;
			sourceTree = "<group>";
		};
		FD99D5A728073D8E00BB7FDA /* Component */ = {
			isa = PBXGroup;
			children = (
				FD99D5A828073DA100BB7FDA /* Button */,
			);
			path = Component;
			sourceTree = "<group>";
		};
		FD99D5A828073DA100BB7FDA /* Button */ = {
			isa = PBXGroup;
			children = (
				FD99D5A928073DB200BB7FDA /* BottomButton.swift */,
			);
			path = Button;
			sourceTree = "<group>";
		};
		FDD9D23C27F9CB270024DFB2 = {
			isa = PBXGroup;
			children = (
				FDD9D24727F9CB270024DFB2 /* ReadMe-iOS */,
				FDD9D24627F9CB270024DFB2 /* Products */,
				96BEEFE36BD7FC57BABEEC21 /* Pods */,
				D98242BC2628DC6DA53AE513 /* Frameworks */,
			);
			indentWidth = 2;
			sourceTree = "<group>";
			tabWidth = 2;
		};
		FDD9D24627F9CB270024DFB2 /* Products */ = {
			isa = PBXGroup;
			children = (
				FDD9D24527F9CB270024DFB2 /* ReadMe-iOS.app */,
			);
			name = Products;
			sourceTree = "<group>";
		};
		FDD9D24727F9CB270024DFB2 /* ReadMe-iOS */ = {
			isa = PBXGroup;
			children = (
				FDE1A2B72805C041000DDBE2 /* ReadMe-iOS.entitlements */,
				FDD9D25627F9CB290024DFB2 /* Info.plist */,
				FDD9D26027F9DB510024DFB2 /* Global */,
				FDD9D25F27F9DB340024DFB2 /* Application */,
				FDD9D25E27F9DAE80024DFB2 /* Presentation */,
				FDD9D26627F9DE5C0024DFB2 /* Domain */,
				FDD9D25C27F9DAD50024DFB2 /* Data */,
				FDD9D25D27F9DADA0024DFB2 /* Utils */,
			);
			path = "ReadMe-iOS";
			sourceTree = "<group>";
		};
		FDD9D25C27F9DAD50024DFB2 /* Data */ = {
			isa = PBXGroup;
			children = (
				FDD9D29E27F9E0120024DFB2 /* Entity */,
				FDD9D29A27F9DFE00024DFB2 /* Repository */,
				FDD9D29B27F9DFE60024DFB2 /* Network */,
			);
			path = Data;
			sourceTree = "<group>";
		};
		FDD9D25D27F9DADA0024DFB2 /* Utils */ = {
			isa = PBXGroup;
			children = (
				FDD9D28127F9DFAE0024DFB2 /* addToolBar.swift */,
				FDD9D28427F9DFAE0024DFB2 /* applyShadow.swift */,
				FDD9D28227F9DFAE0024DFB2 /* calculatePastTime.swift */,
				FDD9D27D27F9DFAE0024DFB2 /* calculateTopInset.swift */,
				FDD9D27F27F9DFAE0024DFB2 /* downloadImage.swift */,
				FDD9D28627F9DFAE0024DFB2 /* getClassName.swift */,
				FDD9D28927F9DFAF0024DFB2 /* makeAlert.swift */,
				FDD9D27E27F9DFAE0024DFB2 /* manageObserverAction.swift */,
				FDD9D28727F9DFAF0024DFB2 /* PanDirectionGesture.swift */,
				FDD9D27C27F9DFAE0024DFB2 /* pressAction.swift */,
				FDD9D28827F9DFAF0024DFB2 /* setDefaultFonts.swift */,
				FDD9D28327F9DFAE0024DFB2 /* setImage.swift */,
				FDD9D27B27F9DFAE0024DFB2 /* showNetworkAlert.swift */,
				FDD9D28027F9DFAE0024DFB2 /* showToastMessage.swift */,
				FDD9D27827F9DF5E0024DFB2 /* makeVibrate.swift */,
				FD06198828055C2200F647D7 /* makeKernValue.swift */,
				FD99D583280702F400BB7FDA /* delayWithSeconds.swift */,
				FD99D585280717FB00BB7FDA /* setAttributedText.swift */,
				FD01F0702808062E002F80D2 /* shakeAction.swift */,
			);
			path = Utils;
			sourceTree = "<group>";
		};
		FDD9D25E27F9DAE80024DFB2 /* Presentation */ = {
			isa = PBXGroup;
			children = (
				FD99D5A728073D8E00BB7FDA /* Component */,
				FD99D59028073C3300BB7FDA /* SignupScene */,
				FD99D57C2806F87800BB7FDA /* SplashScene */,
				FDE1A2A12805BF70000DDBE2 /* LoginScene */,
				FD0619672805515700F647D7 /* BaseScene */,
				FDD9D26427F9DE370024DFB2 /* HomeScene */,
				FDDB0B652805855A0055B208 /* MyPageScene */,
				2B578F722806FBFF00513240 /* SearchScene */,
			);
			path = Presentation;
			sourceTree = "<group>";
		};
		FDD9D25F27F9DB340024DFB2 /* Application */ = {
			isa = PBXGroup;
			children = (
				FDD9D2E827F9E36E0024DFB2 /* Coordinator */,
				FDD9D2D727F9E3040024DFB2 /* Manager */,
				FDD9D24827F9CB270024DFB2 /* AppDelegate.swift */,
				FDD9D24A27F9CB270024DFB2 /* SceneDelegate.swift */,
			);
			path = Application;
			sourceTree = "<group>";
		};
		FDD9D26027F9DB510024DFB2 /* Global */ = {
			isa = PBXGroup;
			children = (
				FDD9D26727F9DE880024DFB2 /* Supporting FIles */,
				FDD9D26527F9DE4A0024DFB2 /* Resources */,
				FDD9D26327F9DE100024DFB2 /* Protocols */,
				FDD9D26227F9DE020024DFB2 /* Literals */,
				FDD9D26127F9DDFB0024DFB2 /* Extension */,
			);
			path = Global;
			sourceTree = "<group>";
		};
		FDD9D26127F9DDFB0024DFB2 /* Extension */ = {
			isa = PBXGroup;
			children = (
				FDD9D2C527F9E1DB0024DFB2 /* controllerFromStoryboard + UIViewController.swift */,
				FDD9D2C127F9E1DB0024DFB2 /* drawDashedLine + UIView.swift */,
				FDD9D2C427F9E1DB0024DFB2 /* setTextLineHeight + UILabel.swift */,
				FDD9D2C227F9E1DB0024DFB2 /* successCatch + Result.swift */,
				FDD9D2BF27F9E1DB0024DFB2 /* UINavigation + Extension.swift */,
				FD0619842805579F00F647D7 /* XibView + UIView.swift */,
				FD99D5AB2807407800BB7FDA /* addPadding + UITextField.swift */,
			);
			path = Extension;
			sourceTree = "<group>";
		};
		FDD9D26227F9DE020024DFB2 /* Literals */ = {
			isa = PBXGroup;
			children = (
				FDD9D2BE27F9E17E0024DFB2 /* String */,
				FDD9D2BD27F9E1780024DFB2 /* Image */,
				FDD9D27227F9DF0C0024DFB2 /* ColorLiterals.swift */,
				FDD9D27027F9DEF20024DFB2 /* StoryboardLiterals.swift */,
			);
			path = Literals;
			sourceTree = "<group>";
		};
		FDD9D26327F9DE100024DFB2 /* Protocols */ = {
			isa = PBXGroup;
			children = (
				FDD9D26827F9DEC10024DFB2 /* UICollectionViewRegisterable.swift */,
				FDD9D26A27F9DEC10024DFB2 /* UITableViewRegisterable.swift */,
				FDD9D26B27F9DEC10024DFB2 /* ViewModelType.swift */,
			);
			path = Protocols;
			sourceTree = "<group>";
		};
		FDD9D26427F9DE370024DFB2 /* HomeScene */ = {
			isa = PBXGroup;
			children = (
				FDDB0B5F2805852B0055B208 /* Views */,
				FDDB0B60280585360055B208 /* VC */,
				FDDB0B5E280584BD0055B208 /* ViewModel */,
			);
			path = HomeScene;
			sourceTree = "<group>";
		};
		FDD9D26527F9DE4A0024DFB2 /* Resources */ = {
			isa = PBXGroup;
			children = (
				FD0619522805453300F647D7 /* Fonts */,
				FDD9D25127F9CB290024DFB2 /* Assets.xcassets */,
				FD0619652805484200F647D7 /* ColorAssets.xcassets */,
			);
			path = Resources;
			sourceTree = "<group>";
		};
		FDD9D26627F9DE5C0024DFB2 /* Domain */ = {
			isa = PBXGroup;
			children = (
				FDD9D29D27F9E00A0024DFB2 /* Model */,
				FDD9D29C27F9DFFA0024DFB2 /* Usecase */,
			);
			path = Domain;
			sourceTree = "<group>";
		};
		FDD9D26727F9DE880024DFB2 /* Supporting FIles */ = {
			isa = PBXGroup;
			children = (
				FDD9D25327F9CB290024DFB2 /* LaunchScreen.storyboard */,
			);
			path = "Supporting FIles";
			sourceTree = "<group>";
		};
		FDD9D29A27F9DFE00024DFB2 /* Repository */ = {
			isa = PBXGroup;
			children = (
				2B52A30E28083D4B00CFB1D0 /* Search */,
				FD01F07228080AAD002F80D2 /* SIgnup */,
				FDE1A2B12805BF92000DDBE2 /* Login */,
				FDDB0B64280585530055B208 /* MyPage */,
				FDDB0B5D280584A10055B208 /* Home */,
			);
			path = Repository;
			sourceTree = "<group>";
		};
		FDD9D29B27F9DFE60024DFB2 /* Network */ = {
			isa = PBXGroup;
			children = (
				FDD9D2CD27F9E1EF0024DFB2 /* Service */,
				FDD9D2D127F9E23A0024DFB2 /* Config.swift */,
				FDD9D2D327F9E2400024DFB2 /* ResponseObject.swift */,
				FDD9D2D527F9E24D0024DFB2 /* BaseAPI.swift */,
			);
			path = Network;
			sourceTree = "<group>";
		};
		FDD9D29C27F9DFFA0024DFB2 /* Usecase */ = {
			isa = PBXGroup;
			children = (
				2B52A30C28083D3C00CFB1D0 /* Search */,
				FD99D5A228073CA000BB7FDA /* Signup */,
				FDE1A2B42805BFB3000DDBE2 /* Login */,
				FDDB0B62280585490055B208 /* MyPage */,
				FDDB0B5C280584650055B208 /* Home */,
				FD0619752805517E00F647D7 /* Base */,
			);
			path = Usecase;
			sourceTree = "<group>";
		};
		FDD9D29D27F9E00A0024DFB2 /* Model */ = {
			isa = PBXGroup;
			children = (
				2B52A30B28083D2900CFB1D0 /* Search */,
				FD99D5A128073C9A00BB7FDA /* Signup */,
				FDE1A2B32805BFAB000DDBE2 /* Login */,
				FDDB0B61280585410055B208 /* MyPage */,
				FDDB0B5B2805845A0055B208 /* Home */,
				FD0619742805517100F647D7 /* Base */,
			);
			path = Model;
			sourceTree = "<group>";
		};
		FDD9D29E27F9E0120024DFB2 /* Entity */ = {
			isa = PBXGroup;
			children = (
				2B52A30D28083D4400CFB1D0 /* Search */,
				FD99D59628073C4900BB7FDA /* SignupEntity.swift */,
				FDE1A2B22805BF96000DDBE2 /* Login */,
				FDDB0B63280585500055B208 /* MyPage */,
				FDDB0B5A280583FC0055B208 /* Home */,
			);
			path = Entity;
			sourceTree = "<group>";
		};
		FDD9D2BD27F9E1780024DFB2 /* Image */ = {
			isa = PBXGroup;
			children = (
				FDD9D27627F9DF190024DFB2 /* ImageLiterals.swift */,
			);
			path = Image;
			sourceTree = "<group>";
		};
		FDD9D2BE27F9E17E0024DFB2 /* String */ = {
			isa = PBXGroup;
			children = (
				FDD9D27427F9DF130024DFB2 /* StringLiterals.swift */,
				FD99D58728071AC600BB7FDA /* UserDefaultKeyList.swift */,
			);
			path = String;
			sourceTree = "<group>";
		};
		FDD9D2CD27F9E1EF0024DFB2 /* Service */ = {
			isa = PBXGroup;
			children = (
				FDD9D2CF27F9E2240024DFB2 /* BaseService.swift */,
				FD99D58A28071DDC00BB7FDA /* AuthService.swift */,
			);
			path = Service;
			sourceTree = "<group>";
		};
		FDD9D2D727F9E3040024DFB2 /* Manager */ = {
			isa = PBXGroup;
			children = (
				FDD9D30027F9E5250024DFB2 /* Notification */,
				FDD9D2D927F9E3180024DFB2 /* Analytics */,
			);
			path = Manager;
			sourceTree = "<group>";
		};
		FDD9D2D927F9E3180024DFB2 /* Analytics */ = {
			isa = PBXGroup;
			children = (
				FDD9D2DA27F9E32C0024DFB2 /* AnalyticsType.swift */,
				FDD9D2DE27F9E32C0024DFB2 /* AppLog.swift */,
				FDD9D2DB27F9E32C0024DFB2 /* FirebaseServiceProtocol.swift */,
				FDD9D2DC27F9E32C0024DFB2 /* EventType */,
				FDD9D2DF27F9E32C0024DFB2 /* Provider */,
			);
			path = Analytics;
			sourceTree = "<group>";
		};
		FDD9D2DC27F9E32C0024DFB2 /* EventType */ = {
			isa = PBXGroup;
			children = (
				FDD9D2DD27F9E32C0024DFB2 /* LogEventType.swift */,
			);
			path = EventType;
			sourceTree = "<group>";
		};
		FDD9D2DF27F9E32C0024DFB2 /* Provider */ = {
			isa = PBXGroup;
			children = (
				FDD9D2E027F9E32C0024DFB2 /* FirebaseAnalyticsProvider.swift */,
				FDD9D2E127F9E32C0024DFB2 /* RuntimeProviderType.swift */,
			);
			path = Provider;
			sourceTree = "<group>";
		};
		FDD9D2E827F9E36E0024DFB2 /* Coordinator */ = {
			isa = PBXGroup;
			children = (
				FDD9D2F227F9E3870024DFB2 /* Coordinators */,
				FDD9D2EE27F9E3870024DFB2 /* Enums */,
				FDD9D2F427F9E3870024DFB2 /* Factory */,
				FDD9D2E927F9E3870024DFB2 /* Protocols */,
				FDD9D2F027F9E3870024DFB2 /* Router */,
			);
			path = Coordinator;
			sourceTree = "<group>";
		};
		FDD9D2E927F9E3870024DFB2 /* Protocols */ = {
			isa = PBXGroup;
			children = (
				FDD9D2EA27F9E3870024DFB2 /* CoordinatorFinishOutput.swift */,
				FDD9D2EB27F9E3870024DFB2 /* Presentable.swift */,
				FDD9D2EC27F9E3870024DFB2 /* BaseControllable.swift */,
				FDD9D2ED27F9E3870024DFB2 /* Coordinator.swift */,
			);
			path = Protocols;
			sourceTree = "<group>";
		};
		FDD9D2EE27F9E3870024DFB2 /* Enums */ = {
			isa = PBXGroup;
			children = (
				FDD9D2EF27F9E3870024DFB2 /* LaunchInstructor.swift */,
			);
			path = Enums;
			sourceTree = "<group>";
		};
		FDD9D2F027F9E3870024DFB2 /* Router */ = {
			isa = PBXGroup;
			children = (
				FDD9D2F127F9E3870024DFB2 /* Router.swift */,
			);
			path = Router;
			sourceTree = "<group>";
		};
		FDD9D2F227F9E3870024DFB2 /* Coordinators */ = {
			isa = PBXGroup;
			children = (
				FDD9D2F327F9E3870024DFB2 /* BaseCoordinator.swift */,
			);
			path = Coordinators;
			sourceTree = "<group>";
		};
		FDD9D2F427F9E3870024DFB2 /* Factory */ = {
			isa = PBXGroup;
			children = (
				FDD9D2F527F9E3870024DFB2 /* ModuleFactory.swift */,
				FDD9D2F627F9E3870024DFB2 /* CoordinatorFactory.swift */,
			);
			path = Factory;
			sourceTree = "<group>";
		};
		FDD9D30027F9E5250024DFB2 /* Notification */ = {
			isa = PBXGroup;
			children = (
				FDD9D30127F9E5320024DFB2 /* BaseNotiList.swift */,
			);
			path = Notification;
			sourceTree = "<group>";
		};
		FDDB0B5A280583FC0055B208 /* Home */ = {
			isa = PBXGroup;
			children = (
				FDDB0B53280583EE0055B208 /* HomeEntity.swift */,
			);
			path = Home;
			sourceTree = "<group>";
		};
		FDDB0B5B2805845A0055B208 /* Home */ = {
			isa = PBXGroup;
			children = (
				FDDB0B50280583EE0055B208 /* HomeModel.swift */,
			);
			path = Home;
			sourceTree = "<group>";
		};
		FDDB0B5C280584650055B208 /* Home */ = {
			isa = PBXGroup;
			children = (
				FDDB0B4E280583EE0055B208 /* HomeUseCase.swift */,
			);
			path = Home;
			sourceTree = "<group>";
		};
		FDDB0B5D280584A10055B208 /* Home */ = {
			isa = PBXGroup;
			children = (
				FDDB0B4F280583EE0055B208 /* HomeRepository.swift */,
			);
			path = Home;
			sourceTree = "<group>";
		};
		FDDB0B5E280584BD0055B208 /* ViewModel */ = {
			isa = PBXGroup;
			children = (
				FDDB0B52280583EE0055B208 /* HomeViewModel.swift */,
			);
			path = ViewModel;
			sourceTree = "<group>";
		};
		FDDB0B5F2805852B0055B208 /* Views */ = {
			isa = PBXGroup;
			children = (
				FDDB0B79280587000055B208 /* Home.storyboard */,
			);
			path = Views;
			sourceTree = "<group>";
		};
		FDDB0B60280585360055B208 /* VC */ = {
			isa = PBXGroup;
			children = (
				FDDB0B51280583EE0055B208 /* HomeVC.swift */,
			);
			name = VC;
			sourceTree = "<group>";
		};
		FDDB0B61280585410055B208 /* MyPage */ = {
			isa = PBXGroup;
			children = (
				FDDB0B6D280585740055B208 /* MyPageViewModel.swift */,
			);
			path = MyPage;
			sourceTree = "<group>";
		};
		FDDB0B62280585490055B208 /* MyPage */ = {
			isa = PBXGroup;
			children = (
				FDDB0B69280585740055B208 /* MyPageUseCase.swift */,
			);
			path = MyPage;
			sourceTree = "<group>";
		};
		FDDB0B63280585500055B208 /* MyPage */ = {
			isa = PBXGroup;
			children = (
				FDDB0B6E280585740055B208 /* MyPageEntity.swift */,
			);
			path = MyPage;
			sourceTree = "<group>";
		};
		FDDB0B64280585530055B208 /* MyPage */ = {
			isa = PBXGroup;
			children = (
				FDDB0B6A280585740055B208 /* MyPageRepository.swift */,
			);
			path = MyPage;
			sourceTree = "<group>";
		};
		FDDB0B652805855A0055B208 /* MyPageScene */ = {
			isa = PBXGroup;
			children = (
				FDDB0B682805856A0055B208 /* Views */,
				FDDB0B67280585660055B208 /* VC */,
				FDDB0B662805855F0055B208 /* ViewModel */,
			);
			path = MyPageScene;
			sourceTree = "<group>";
		};
		FDDB0B662805855F0055B208 /* ViewModel */ = {
			isa = PBXGroup;
			children = (
				FDDB0B6B280585740055B208 /* MyPageModel.swift */,
			);
			path = ViewModel;
			sourceTree = "<group>";
		};
		FDDB0B67280585660055B208 /* VC */ = {
			isa = PBXGroup;
			children = (
				FDDB0B6C280585740055B208 /* MyPageVC.swift */,
			);
			path = VC;
			sourceTree = "<group>";
		};
		FDDB0B682805856A0055B208 /* Views */ = {
			isa = PBXGroup;
			children = (
				FDDB0B75280585AF0055B208 /* MyPage.storyboard */,
			);
			path = Views;
			sourceTree = "<group>";
		};
		FDE1A2A12805BF70000DDBE2 /* LoginScene */ = {
			isa = PBXGroup;
			children = (
				FDE1A2A42805BF82000DDBE2 /* Views */,
				FDE1A2A22805BF77000DDBE2 /* ViewModel */,
				FDE1A2A32805BF7C000DDBE2 /* VC */,
			);
			path = LoginScene;
			sourceTree = "<group>";
		};
		FDE1A2A22805BF77000DDBE2 /* ViewModel */ = {
			isa = PBXGroup;
			children = (
				FDE1A2A92805BF8D000DDBE2 /* LoginViewModel.swift */,
			);
			path = ViewModel;
			sourceTree = "<group>";
		};
		FDE1A2A32805BF7C000DDBE2 /* VC */ = {
			isa = PBXGroup;
			children = (
				FDE1A2A82805BF8D000DDBE2 /* LoginVC.swift */,
				FD99D58C2807211A00BB7FDA /* LoginVC + Kakao.swift */,
				FD99D58E2807225E00BB7FDA /* LoginVC + Apple.swift */,
			);
			path = VC;
			sourceTree = "<group>";
		};
		FDE1A2A42805BF82000DDBE2 /* Views */ = {
			isa = PBXGroup;
			children = (
				FDE1A2B52805BFC6000DDBE2 /* Login.storyboard */,
			);
			path = Views;
			sourceTree = "<group>";
		};
		FDE1A2B12805BF92000DDBE2 /* Login */ = {
			isa = PBXGroup;
			children = (
				FDE1A2A62805BF8D000DDBE2 /* LoginRepository.swift */,
			);
			path = Login;
			sourceTree = "<group>";
		};
		FDE1A2B22805BF96000DDBE2 /* Login */ = {
			isa = PBXGroup;
			children = (
				FDE1A2AA2805BF8D000DDBE2 /* LoginEntity.swift */,
			);
			path = Login;
			sourceTree = "<group>";
		};
		FDE1A2B32805BFAB000DDBE2 /* Login */ = {
			isa = PBXGroup;
			children = (
				FDE1A2A72805BF8D000DDBE2 /* LoginModel.swift */,
			);
			path = Login;
			sourceTree = "<group>";
		};
		FDE1A2B42805BFB3000DDBE2 /* Login */ = {
			isa = PBXGroup;
			children = (
				FDE1A2A52805BF8D000DDBE2 /* LoginUseCase.swift */,
			);
			path = Login;
			sourceTree = "<group>";
		};
/* End PBXGroup section */

/* Begin PBXNativeTarget section */
		FDD9D24427F9CB270024DFB2 /* ReadMe-iOS */ = {
			isa = PBXNativeTarget;
			buildConfigurationList = FDD9D25927F9CB290024DFB2 /* Build configuration list for PBXNativeTarget "ReadMe-iOS" */;
			buildPhases = (
				E173D0DA5012294851658180 /* [CP] Check Pods Manifest.lock */,
				FDD9D24127F9CB270024DFB2 /* Sources */,
				FDD9D24227F9CB270024DFB2 /* Frameworks */,
				FDD9D24327F9CB270024DFB2 /* Resources */,
				AEE90AB79E55238314426966 /* [CP] Embed Pods Frameworks */,
			);
			buildRules = (
			);
			dependencies = (
			);
			name = "ReadMe-iOS";
			productName = "ReadMe-iOS";
			productReference = FDD9D24527F9CB270024DFB2 /* ReadMe-iOS.app */;
			productType = "com.apple.product-type.application";
		};
/* End PBXNativeTarget section */

/* Begin PBXProject section */
		FDD9D23D27F9CB270024DFB2 /* Project object */ = {
			isa = PBXProject;
			attributes = {
				BuildIndependentTargetsInParallel = 1;
				LastSwiftUpdateCheck = 1320;
				LastUpgradeCheck = 1320;
				TargetAttributes = {
					FDD9D24427F9CB270024DFB2 = {
						CreatedOnToolsVersion = 13.2.1;
					};
				};
			};
			buildConfigurationList = FDD9D24027F9CB270024DFB2 /* Build configuration list for PBXProject "ReadMe-iOS" */;
			compatibilityVersion = "Xcode 13.0";
			developmentRegion = en;
			hasScannedForEncodings = 0;
			knownRegions = (
				en,
				Base,
			);
			mainGroup = FDD9D23C27F9CB270024DFB2;
			productRefGroup = FDD9D24627F9CB270024DFB2 /* Products */;
			projectDirPath = "";
			projectRoot = "";
			targets = (
				FDD9D24427F9CB270024DFB2 /* ReadMe-iOS */,
			);
		};
/* End PBXProject section */

/* Begin PBXResourcesBuildPhase section */
		FDD9D24327F9CB270024DFB2 /* Resources */ = {
			isa = PBXResourcesBuildPhase;
			buildActionMask = 2147483647;
			files = (
				FD01F07428082237002F80D2 /* Main.storyboard in Resources */,
				FD0619612805457600F647D7 /* Pretendard-ExtraLight.otf in Resources */,
				FD01F06F2807F8E7002F80D2 /* Pretendard-Bold.otf in Resources */,
				FD0619662805484200F647D7 /* ColorAssets.xcassets in Resources */,
				FD99D5802806F89600BB7FDA /* Splash.storyboard in Resources */,
				FD0619622805457600F647D7 /* Pretendard-Medium.otf in Resources */,
				FDD9D25527F9CB290024DFB2 /* LaunchScreen.storyboard in Resources */,
				2B52A30628083CB300CFB1D0 /* Search.storyboard in Resources */,
				FD01F07528082245002F80D2 /* Signup.storyboard in Resources */,
				FDDB0B7A280587000055B208 /* Home.storyboard in Resources */,
				FD06197F2805526800F647D7 /* TabbarIcon.xib in Resources */,
				FD0619642805457600F647D7 /* Pretendard-SemiBold.otf in Resources */,
				FD0619602805457600F647D7 /* Pretendard-Light.otf in Resources */,
				FDE1A2B62805BFC6000DDBE2 /* Login.storyboard in Resources */,
				FD06195F2805457600F647D7 /* Pretendard-Thin.otf in Resources */,
				FD06197D2805525B00F647D7 /* TabbarView.xib in Resources */,
				FDD9D25227F9CB290024DFB2 /* Assets.xcassets in Resources */,
				FDDB0B76280585AF0055B208 /* MyPage.storyboard in Resources */,
				FD06195C2805457600F647D7 /* Pretendard-ExtraBold.otf in Resources */,
				FD0619632805457600F647D7 /* Pretendard-Regular.otf in Resources */,
				FD06195D2805457600F647D7 /* Pretendard-Black.otf in Resources */,
				FD06197B2805523E00F647D7 /* Base.storyboard in Resources */,
			);
			runOnlyForDeploymentPostprocessing = 0;
		};
/* End PBXResourcesBuildPhase section */

/* Begin PBXShellScriptBuildPhase section */
		AEE90AB79E55238314426966 /* [CP] Embed Pods Frameworks */ = {
			isa = PBXShellScriptBuildPhase;
			buildActionMask = 2147483647;
			files = (
			);
			inputFileListPaths = (
				"${PODS_ROOT}/Target Support Files/Pods-ReadMe-iOS/Pods-ReadMe-iOS-frameworks-${CONFIGURATION}-input-files.xcfilelist",
			);
			name = "[CP] Embed Pods Frameworks";
			outputFileListPaths = (
				"${PODS_ROOT}/Target Support Files/Pods-ReadMe-iOS/Pods-ReadMe-iOS-frameworks-${CONFIGURATION}-output-files.xcfilelist",
			);
			runOnlyForDeploymentPostprocessing = 0;
			shellPath = /bin/sh;
			shellScript = "\"${PODS_ROOT}/Target Support Files/Pods-ReadMe-iOS/Pods-ReadMe-iOS-frameworks.sh\"\n";
			showEnvVarsInLog = 0;
		};
		E173D0DA5012294851658180 /* [CP] Check Pods Manifest.lock */ = {
			isa = PBXShellScriptBuildPhase;
			buildActionMask = 2147483647;
			files = (
			);
			inputFileListPaths = (
			);
			inputPaths = (
				"${PODS_PODFILE_DIR_PATH}/Podfile.lock",
				"${PODS_ROOT}/Manifest.lock",
			);
			name = "[CP] Check Pods Manifest.lock";
			outputFileListPaths = (
			);
			outputPaths = (
				"$(DERIVED_FILE_DIR)/Pods-ReadMe-iOS-checkManifestLockResult.txt",
			);
			runOnlyForDeploymentPostprocessing = 0;
			shellPath = /bin/sh;
			shellScript = "diff \"${PODS_PODFILE_DIR_PATH}/Podfile.lock\" \"${PODS_ROOT}/Manifest.lock\" > /dev/null\nif [ $? != 0 ] ; then\n    # print error to STDERR\n    echo \"error: The sandbox is not in sync with the Podfile.lock. Run 'pod install' or update your CocoaPods installation.\" >&2\n    exit 1\nfi\n# This output is used by Xcode 'outputs' to avoid re-running this script phase.\necho \"SUCCESS\" > \"${SCRIPT_OUTPUT_FILE_0}\"\n";
			showEnvVarsInLog = 0;
		};
/* End PBXShellScriptBuildPhase section */

/* Begin PBXSourcesBuildPhase section */
		FDD9D24127F9CB270024DFB2 /* Sources */ = {
			isa = PBXSourcesBuildPhase;
			buildActionMask = 2147483647;
			files = (
				FDD9D2E527F9E32C0024DFB2 /* AppLog.swift in Sources */,
				FDDB0B58280583EE0055B208 /* HomeViewModel.swift in Sources */,
				FD99D59A28073C4900BB7FDA /* SignupVC.swift in Sources */,
				FD99D5AA28073DB200BB7FDA /* BottomButton.swift in Sources */,
				FDD9D29027F9DFAF0024DFB2 /* showToastMessage.swift in Sources */,
				FD0619872805586200F647D7 /* TabbarIcon.swift in Sources */,
				FDD9D2FB27F9E3870024DFB2 /* LaunchInstructor.swift in Sources */,
				FD99D59B28073C4900BB7FDA /* SignupViewModel.swift in Sources */,
				FDD9D2FC27F9E3870024DFB2 /* Router.swift in Sources */,
				2B52A30828083CC500CFB1D0 /* SearchVC.swift in Sources */,
				FDD9D30227F9E5320024DFB2 /* BaseNotiList.swift in Sources */,
				FDD9D2FF27F9E3870024DFB2 /* CoordinatorFactory.swift in Sources */,
				FDD9D28C27F9DFAF0024DFB2 /* pressAction.swift in Sources */,
				FDD9D29227F9DFAF0024DFB2 /* calculatePastTime.swift in Sources */,
				FDD9D29627F9DFAF0024DFB2 /* getClassName.swift in Sources */,
				FDD9D2E227F9E32C0024DFB2 /* AnalyticsType.swift in Sources */,
				FDD9D2F727F9E3870024DFB2 /* CoordinatorFinishOutput.swift in Sources */,
				FDE1A2AD2805BF8D000DDBE2 /* LoginModel.swift in Sources */,
				FD0619722805516500F647D7 /* BaseViewModel.swift in Sources */,
				FDD9D28D27F9DFAF0024DFB2 /* calculateTopInset.swift in Sources */,
				FDD9D24927F9CB270024DFB2 /* AppDelegate.swift in Sources */,
				FDD9D28E27F9DFAF0024DFB2 /* manageObserverAction.swift in Sources */,
				FDD9D26E27F9DEC10024DFB2 /* UITableViewRegisterable.swift in Sources */,
				FDD9D27527F9DF130024DFB2 /* StringLiterals.swift in Sources */,
				FDD9D24B27F9CB270024DFB2 /* SceneDelegate.swift in Sources */,
				FDD9D27127F9DEF20024DFB2 /* StoryboardLiterals.swift in Sources */,
				FDD9D27327F9DF0C0024DFB2 /* ColorLiterals.swift in Sources */,
				FDD9D29427F9DFAF0024DFB2 /* applyShadow.swift in Sources */,
				FDDB0B73280585740055B208 /* MyPageViewModel.swift in Sources */,
				FDD9D2FE27F9E3870024DFB2 /* ModuleFactory.swift in Sources */,
				FDDB0B70280585740055B208 /* MyPageRepository.swift in Sources */,
				2B52A31628083DAB00CFB1D0 /* SearchRepository.swift in Sources */,
				FDD9D2FD27F9E3870024DFB2 /* BaseCoordinator.swift in Sources */,
				FDD9D2C627F9E1DB0024DFB2 /* UINavigation + Extension.swift in Sources */,
				FDDB0B6F280585740055B208 /* MyPageUseCase.swift in Sources */,
				FD99D59C28073C4900BB7FDA /* SignupEntity.swift in Sources */,
				FDD9D29127F9DFAF0024DFB2 /* addToolBar.swift in Sources */,
				FDD9D2E627F9E32C0024DFB2 /* FirebaseAnalyticsProvider.swift in Sources */,
				FDE1A2AC2805BF8D000DDBE2 /* LoginRepository.swift in Sources */,
				FDD9D27727F9DF190024DFB2 /* ImageLiterals.swift in Sources */,
				FD06196E2805516500F647D7 /* BaseUseCase.swift in Sources */,
				FDD9D29727F9DFAF0024DFB2 /* PanDirectionGesture.swift in Sources */,
				FD99D59928073C4900BB7FDA /* SignupModel.swift in Sources */,
				FDD9D2D027F9E2240024DFB2 /* BaseService.swift in Sources */,
				FDD9D29927F9DFAF0024DFB2 /* makeAlert.swift in Sources */,
				FDD9D27927F9DF5E0024DFB2 /* makeVibrate.swift in Sources */,
				FDD9D2E327F9E32C0024DFB2 /* FirebaseServiceProtocol.swift in Sources */,
				FD99D584280702F400BB7FDA /* delayWithSeconds.swift in Sources */,
				FDDB0B56280583EE0055B208 /* HomeModel.swift in Sources */,
				FDE1A2AB2805BF8D000DDBE2 /* LoginUseCase.swift in Sources */,
				FD0619712805516500F647D7 /* BaseVC.swift in Sources */,
				FDDB0B59280583EE0055B208 /* HomeEntity.swift in Sources */,
				2B52A31028083D6500CFB1D0 /* SearchViewModel.swift in Sources */,
				FDD9D2FA27F9E3870024DFB2 /* Coordinator.swift in Sources */,
				FD99D5822806FDC900BB7FDA /* SplashVC.swift in Sources */,
				FD99D58B28071DDC00BB7FDA /* AuthService.swift in Sources */,
				FDD9D29327F9DFAF0024DFB2 /* setImage.swift in Sources */,
				FDD9D2CC27F9E1DB0024DFB2 /* controllerFromStoryboard + UIViewController.swift in Sources */,
				FDD9D26C27F9DEC10024DFB2 /* UICollectionViewRegisterable.swift in Sources */,
				FDDB0B71280585740055B208 /* MyPageModel.swift in Sources */,
				FDD9D2D627F9E24D0024DFB2 /* BaseAPI.swift in Sources */,
				FDDB0B55280583EE0055B208 /* HomeRepository.swift in Sources */,
				2B52A31428083D8F00CFB1D0 /* SearchEntity.swift in Sources */,
				FD06198928055C2200F647D7 /* makeKernValue.swift in Sources */,
				FDD9D2E427F9E32C0024DFB2 /* LogEventType.swift in Sources */,
				2B52A30A28083CD200CFB1D0 /* SearchModel.swift in Sources */,
				FD99D586280717FB00BB7FDA /* setAttributedText.swift in Sources */,
				FDD9D2C927F9E1DB0024DFB2 /* successCatch + Result.swift in Sources */,
				2B52A31228083D7F00CFB1D0 /* SearchUseCase.swift in Sources */,
				FDD9D2E727F9E32C0024DFB2 /* RuntimeProviderType.swift in Sources */,
				FD99D59828073C4900BB7FDA /* SignupRepository.swift in Sources */,
				FDDB0B54280583EE0055B208 /* HomeUseCase.swift in Sources */,
				FDD9D28F27F9DFAF0024DFB2 /* downloadImage.swift in Sources */,
				FD06198C28055CC700F647D7 /* TabbarView.swift in Sources */,
				FD99D59728073C4900BB7FDA /* SignupUseCase.swift in Sources */,
				FDD9D2D427F9E2400024DFB2 /* ResponseObject.swift in Sources */,
				FD01F0712808062E002F80D2 /* shakeAction.swift in Sources */,
				FDDB0B72280585740055B208 /* MyPageVC.swift in Sources */,
				FDD9D29827F9DFAF0024DFB2 /* setDefaultFonts.swift in Sources */,
				FDD9D2F827F9E3870024DFB2 /* Presentable.swift in Sources */,
				FDE1A2AE2805BF8D000DDBE2 /* LoginVC.swift in Sources */,
				FDDB0B57280583EE0055B208 /* HomeVC.swift in Sources */,
				FD99D58D2807211A00BB7FDA /* LoginVC + Kakao.swift in Sources */,
				FDDB0B74280585740055B208 /* MyPageEntity.swift in Sources */,
				FDE1A2B02805BF8D000DDBE2 /* LoginEntity.swift in Sources */,
				FD99D58F2807225E00BB7FDA /* LoginVC + Apple.swift in Sources */,
				FD0619852805579F00F647D7 /* XibView + UIView.swift in Sources */,
				FD99D58828071AC600BB7FDA /* UserDefaultKeyList.swift in Sources */,
				FD99D5AC2807407800BB7FDA /* addPadding + UITextField.swift in Sources */,
				FDE1A2AF2805BF8D000DDBE2 /* LoginViewModel.swift in Sources */,
				FDD9D28B27F9DFAF0024DFB2 /* showNetworkAlert.swift in Sources */,
				FDD9D2CB27F9E1DB0024DFB2 /* setTextLineHeight + UILabel.swift in Sources */,
				FD0619702805516500F647D7 /* BaseModel.swift in Sources */,
				FDD9D2C827F9E1DB0024DFB2 /* drawDashedLine + UIView.swift in Sources */,
				FDD9D2D227F9E23A0024DFB2 /* Config.swift in Sources */,
				FDD9D26F27F9DEC10024DFB2 /* ViewModelType.swift in Sources */,
				FDD9D2F927F9E3870024DFB2 /* BaseControllable.swift in Sources */,
			);
			runOnlyForDeploymentPostprocessing = 0;
		};
/* End PBXSourcesBuildPhase section */

/* Begin PBXVariantGroup section */
		FDD9D25327F9CB290024DFB2 /* LaunchScreen.storyboard */ = {
			isa = PBXVariantGroup;
			children = (
				FDD9D25427F9CB290024DFB2 /* Base */,
			);
			name = LaunchScreen.storyboard;
			sourceTree = "<group>";
		};
/* End PBXVariantGroup section */

/* Begin XCBuildConfiguration section */
		FDD9D25727F9CB290024DFB2 /* Debug */ = {
			isa = XCBuildConfiguration;
			buildSettings = {
				ALWAYS_SEARCH_USER_PATHS = NO;
				CLANG_ANALYZER_NONNULL = YES;
				CLANG_ANALYZER_NUMBER_OBJECT_CONVERSION = YES_AGGRESSIVE;
				CLANG_CXX_LANGUAGE_STANDARD = "gnu++17";
				CLANG_CXX_LIBRARY = "libc++";
				CLANG_ENABLE_MODULES = YES;
				CLANG_ENABLE_OBJC_ARC = YES;
				CLANG_ENABLE_OBJC_WEAK = YES;
				CLANG_WARN_BLOCK_CAPTURE_AUTORELEASING = YES;
				CLANG_WARN_BOOL_CONVERSION = YES;
				CLANG_WARN_COMMA = YES;
				CLANG_WARN_CONSTANT_CONVERSION = YES;
				CLANG_WARN_DEPRECATED_OBJC_IMPLEMENTATIONS = YES;
				CLANG_WARN_DIRECT_OBJC_ISA_USAGE = YES_ERROR;
				CLANG_WARN_DOCUMENTATION_COMMENTS = YES;
				CLANG_WARN_EMPTY_BODY = YES;
				CLANG_WARN_ENUM_CONVERSION = YES;
				CLANG_WARN_INFINITE_RECURSION = YES;
				CLANG_WARN_INT_CONVERSION = YES;
				CLANG_WARN_NON_LITERAL_NULL_CONVERSION = YES;
				CLANG_WARN_OBJC_IMPLICIT_RETAIN_SELF = YES;
				CLANG_WARN_OBJC_LITERAL_CONVERSION = YES;
				CLANG_WARN_OBJC_ROOT_CLASS = YES_ERROR;
				CLANG_WARN_QUOTED_INCLUDE_IN_FRAMEWORK_HEADER = YES;
				CLANG_WARN_RANGE_LOOP_ANALYSIS = YES;
				CLANG_WARN_STRICT_PROTOTYPES = YES;
				CLANG_WARN_SUSPICIOUS_MOVE = YES;
				CLANG_WARN_UNGUARDED_AVAILABILITY = YES_AGGRESSIVE;
				CLANG_WARN_UNREACHABLE_CODE = YES;
				CLANG_WARN__DUPLICATE_METHOD_MATCH = YES;
				COPY_PHASE_STRIP = NO;
				DEBUG_INFORMATION_FORMAT = dwarf;
				ENABLE_STRICT_OBJC_MSGSEND = YES;
				ENABLE_TESTABILITY = YES;
				GCC_C_LANGUAGE_STANDARD = gnu11;
				GCC_DYNAMIC_NO_PIC = NO;
				GCC_NO_COMMON_BLOCKS = YES;
				GCC_OPTIMIZATION_LEVEL = 0;
				GCC_PREPROCESSOR_DEFINITIONS = (
					"DEBUG=1",
					"$(inherited)",
				);
				GCC_WARN_64_TO_32_BIT_CONVERSION = YES;
				GCC_WARN_ABOUT_RETURN_TYPE = YES_ERROR;
				GCC_WARN_UNDECLARED_SELECTOR = YES;
				GCC_WARN_UNINITIALIZED_AUTOS = YES_AGGRESSIVE;
				GCC_WARN_UNUSED_FUNCTION = YES;
				GCC_WARN_UNUSED_VARIABLE = YES;
				IPHONEOS_DEPLOYMENT_TARGET = 15.2;
				MTL_ENABLE_DEBUG_INFO = INCLUDE_SOURCE;
				MTL_FAST_MATH = YES;
				ONLY_ACTIVE_ARCH = YES;
				SDKROOT = iphoneos;
				SWIFT_ACTIVE_COMPILATION_CONDITIONS = DEBUG;
				SWIFT_OPTIMIZATION_LEVEL = "-Onone";
			};
			name = Debug;
		};
		FDD9D25827F9CB290024DFB2 /* Release */ = {
			isa = XCBuildConfiguration;
			buildSettings = {
				ALWAYS_SEARCH_USER_PATHS = NO;
				CLANG_ANALYZER_NONNULL = YES;
				CLANG_ANALYZER_NUMBER_OBJECT_CONVERSION = YES_AGGRESSIVE;
				CLANG_CXX_LANGUAGE_STANDARD = "gnu++17";
				CLANG_CXX_LIBRARY = "libc++";
				CLANG_ENABLE_MODULES = YES;
				CLANG_ENABLE_OBJC_ARC = YES;
				CLANG_ENABLE_OBJC_WEAK = YES;
				CLANG_WARN_BLOCK_CAPTURE_AUTORELEASING = YES;
				CLANG_WARN_BOOL_CONVERSION = YES;
				CLANG_WARN_COMMA = YES;
				CLANG_WARN_CONSTANT_CONVERSION = YES;
				CLANG_WARN_DEPRECATED_OBJC_IMPLEMENTATIONS = YES;
				CLANG_WARN_DIRECT_OBJC_ISA_USAGE = YES_ERROR;
				CLANG_WARN_DOCUMENTATION_COMMENTS = YES;
				CLANG_WARN_EMPTY_BODY = YES;
				CLANG_WARN_ENUM_CONVERSION = YES;
				CLANG_WARN_INFINITE_RECURSION = YES;
				CLANG_WARN_INT_CONVERSION = YES;
				CLANG_WARN_NON_LITERAL_NULL_CONVERSION = YES;
				CLANG_WARN_OBJC_IMPLICIT_RETAIN_SELF = YES;
				CLANG_WARN_OBJC_LITERAL_CONVERSION = YES;
				CLANG_WARN_OBJC_ROOT_CLASS = YES_ERROR;
				CLANG_WARN_QUOTED_INCLUDE_IN_FRAMEWORK_HEADER = YES;
				CLANG_WARN_RANGE_LOOP_ANALYSIS = YES;
				CLANG_WARN_STRICT_PROTOTYPES = YES;
				CLANG_WARN_SUSPICIOUS_MOVE = YES;
				CLANG_WARN_UNGUARDED_AVAILABILITY = YES_AGGRESSIVE;
				CLANG_WARN_UNREACHABLE_CODE = YES;
				CLANG_WARN__DUPLICATE_METHOD_MATCH = YES;
				COPY_PHASE_STRIP = NO;
				DEBUG_INFORMATION_FORMAT = "dwarf-with-dsym";
				ENABLE_NS_ASSERTIONS = NO;
				ENABLE_STRICT_OBJC_MSGSEND = YES;
				GCC_C_LANGUAGE_STANDARD = gnu11;
				GCC_NO_COMMON_BLOCKS = YES;
				GCC_WARN_64_TO_32_BIT_CONVERSION = YES;
				GCC_WARN_ABOUT_RETURN_TYPE = YES_ERROR;
				GCC_WARN_UNDECLARED_SELECTOR = YES;
				GCC_WARN_UNINITIALIZED_AUTOS = YES_AGGRESSIVE;
				GCC_WARN_UNUSED_FUNCTION = YES;
				GCC_WARN_UNUSED_VARIABLE = YES;
				IPHONEOS_DEPLOYMENT_TARGET = 15.2;
				MTL_ENABLE_DEBUG_INFO = NO;
				MTL_FAST_MATH = YES;
				SDKROOT = iphoneos;
				SWIFT_COMPILATION_MODE = wholemodule;
				SWIFT_OPTIMIZATION_LEVEL = "-O";
				VALIDATE_PRODUCT = YES;
			};
			name = Release;
		};
		FDD9D25A27F9CB290024DFB2 /* Debug */ = {
			isa = XCBuildConfiguration;
			baseConfigurationReference = AA209110609425843DFDE109 /* Pods-ReadMe-iOS.debug.xcconfig */;
			buildSettings = {
				ASSETCATALOG_COMPILER_APPICON_NAME = AppIcon;
				ASSETCATALOG_COMPILER_GLOBAL_ACCENT_COLOR_NAME = AccentColor;
				CODE_SIGN_ENTITLEMENTS = "ReadMe-iOS/ReadMe-iOS.entitlements";
				CODE_SIGN_STYLE = Automatic;
				CURRENT_PROJECT_VERSION = 1;
				DEVELOPMENT_TEAM = L9D5M5DM3Y;
				GENERATE_INFOPLIST_FILE = YES;
				INFOPLIST_FILE = "ReadMe-iOS/Info.plist";
				INFOPLIST_KEY_CFBundleDisplayName = "리드미";
				INFOPLIST_KEY_UIApplicationSupportsIndirectInputEvents = YES;
				INFOPLIST_KEY_UILaunchStoryboardName = LaunchScreen;
				INFOPLIST_KEY_UIMainStoryboardFile = Main;
				INFOPLIST_KEY_UISupportedInterfaceOrientations = UIInterfaceOrientationPortrait;
				INFOPLIST_KEY_UISupportedInterfaceOrientations_iPad = "UIInterfaceOrientationPortrait UIInterfaceOrientationPortraitUpsideDown UIInterfaceOrientationLandscapeLeft UIInterfaceOrientationLandscapeRight";
				INFOPLIST_KEY_UISupportedInterfaceOrientations_iPhone = "UIInterfaceOrientationPortrait UIInterfaceOrientationLandscapeLeft UIInterfaceOrientationLandscapeRight";
				INFOPLIST_KEY_UIUserInterfaceStyle = Light;
				LD_RUNPATH_SEARCH_PATHS = (
					"$(inherited)",
					"@executable_path/Frameworks",
				);
				MARKETING_VERSION = 1.0;
				PRODUCT_BUNDLE_IDENTIFIER = com.readme.release;
				PRODUCT_NAME = "$(TARGET_NAME)";
				SWIFT_EMIT_LOC_STRINGS = YES;
				SWIFT_VERSION = 5.0;
				TARGETED_DEVICE_FAMILY = "1,2";
			};
			name = Debug;
		};
		FDD9D25B27F9CB290024DFB2 /* Release */ = {
			isa = XCBuildConfiguration;
			baseConfigurationReference = BDC606173607FC03ED959B5E /* Pods-ReadMe-iOS.release.xcconfig */;
			buildSettings = {
				ASSETCATALOG_COMPILER_APPICON_NAME = AppIcon;
				ASSETCATALOG_COMPILER_GLOBAL_ACCENT_COLOR_NAME = AccentColor;
				CODE_SIGN_ENTITLEMENTS = "ReadMe-iOS/ReadMe-iOS.entitlements";
				CODE_SIGN_STYLE = Automatic;
				CURRENT_PROJECT_VERSION = 1;
				DEVELOPMENT_TEAM = L9D5M5DM3Y;
				GENERATE_INFOPLIST_FILE = YES;
				INFOPLIST_FILE = "ReadMe-iOS/Info.plist";
				INFOPLIST_KEY_CFBundleDisplayName = "리드미";
				INFOPLIST_KEY_UIApplicationSupportsIndirectInputEvents = YES;
				INFOPLIST_KEY_UILaunchStoryboardName = LaunchScreen;
				INFOPLIST_KEY_UIMainStoryboardFile = Main;
				INFOPLIST_KEY_UISupportedInterfaceOrientations = UIInterfaceOrientationPortrait;
				INFOPLIST_KEY_UISupportedInterfaceOrientations_iPad = "UIInterfaceOrientationPortrait UIInterfaceOrientationPortraitUpsideDown UIInterfaceOrientationLandscapeLeft UIInterfaceOrientationLandscapeRight";
				INFOPLIST_KEY_UISupportedInterfaceOrientations_iPhone = "UIInterfaceOrientationPortrait UIInterfaceOrientationLandscapeLeft UIInterfaceOrientationLandscapeRight";
				INFOPLIST_KEY_UIUserInterfaceStyle = Light;
				LD_RUNPATH_SEARCH_PATHS = (
					"$(inherited)",
					"@executable_path/Frameworks",
				);
				MARKETING_VERSION = 1.0;
				PRODUCT_BUNDLE_IDENTIFIER = com.readme.release;
				PRODUCT_NAME = "$(TARGET_NAME)";
				SWIFT_EMIT_LOC_STRINGS = YES;
				SWIFT_VERSION = 5.0;
				TARGETED_DEVICE_FAMILY = "1,2";
			};
			name = Release;
		};
/* End XCBuildConfiguration section */

/* Begin XCConfigurationList section */
		FDD9D24027F9CB270024DFB2 /* Build configuration list for PBXProject "ReadMe-iOS" */ = {
			isa = XCConfigurationList;
			buildConfigurations = (
				FDD9D25727F9CB290024DFB2 /* Debug */,
				FDD9D25827F9CB290024DFB2 /* Release */,
			);
			defaultConfigurationIsVisible = 0;
			defaultConfigurationName = Release;
		};
		FDD9D25927F9CB290024DFB2 /* Build configuration list for PBXNativeTarget "ReadMe-iOS" */ = {
			isa = XCConfigurationList;
			buildConfigurations = (
				FDD9D25A27F9CB290024DFB2 /* Debug */,
				FDD9D25B27F9CB290024DFB2 /* Release */,
			);
			defaultConfigurationIsVisible = 0;
			defaultConfigurationName = Release;
		};
/* End XCConfigurationList section */
	};
	rootObject = FDD9D23D27F9CB270024DFB2 /* Project object */;
}
